
Microsoft Visual Studio Solution File, Format Version 12.00
# Visual Studio 15
VisualStudioVersion = 15.0.26430.16
MinimumVisualStudioVersion = 10.0.40219.1
Project("{FAE04EC0-301F-11D3-BF4B-00C04F79EFBC}") = "NiceHashMinerLegacy", "NiceHashMiner\NiceHashMinerLegacy.csproj", "{A70B0AEE-15C4-49E1-9DC9-B936A1EBC2B5}"
	ProjectSection(ProjectDependencies) = postProject
		{0E9D874E-5354-465E-9EC3-F7A35C268A8A} = {0E9D874E-5354-465E-9EC3-F7A35C268A8A}
		{23C94F99-F466-4CBE-90B7-71B450DD7BF1} = {23C94F99-F466-4CBE-90B7-71B450DD7BF1}
		{CC9B70AB-897D-4AE9-8785-33CEB199E2E6} = {CC9B70AB-897D-4AE9-8785-33CEB199E2E6}
	EndProjectSection
EndProject
Project("{8BC9CEB8-8B4A-11D0-8D11-00A0C91BC942}") = "cpuid", "cpuid\cpuid.vcxproj", "{23C94F99-F466-4CBE-90B7-71B450DD7BF1}"
EndProject
Project("{8BC9CEB8-8B4A-11D0-8D11-00A0C91BC942}") = "setcpuaff", "setcpuaff\setcpuaff.vcxproj", "{CC9B70AB-897D-4AE9-8785-33CEB199E2E6}"
EndProject
Project("{FAE04EC0-301F-11D3-BF4B-00C04F79EFBC}") = "nvidiasetp0state", "nvidiasetp0state\nvidiasetp0state.csproj", "{9E106E41-0813-489D-A1B5-85ED434F2C3E}"
EndProject
Project("{FAE04EC0-301F-11D3-BF4B-00C04F79EFBC}") = "MessageBoxManager", "MessageBoxManager\MessageBoxManager.csproj", "{0E9D874E-5354-465E-9EC3-F7A35C268A8A}"
EndProject
Project("{8BC9CEB8-8B4A-11D0-8D11-00A0C91BC942}") = "CudaDeviceDetection", "CudaDeviceDetection\CudaDeviceDetection.vcxproj", "{36DC07F9-A4A6-4877-A146-1B960083CF6F}"
EndProject
Project("{8BC9CEB8-8B4A-11D0-8D11-00A0C91BC942}") = "AMDOpenCLDeviceDetection", "AMDOpenCLDeviceDetection\AMDOpenCLDeviceDetection.vcxproj", "{F4D88D6A-2321-4431-AFD1-8B6A1760358B}"
EndProject
Project("{FAE04EC0-301F-11D3-BF4B-00C04F79EFBC}") = "MyDownloader.Core", "3rdparty\DownloadManager\MyDownloader.Core\MyDownloader.Core.csproj", "{E763345E-6696-4C53-8764-47E4ABD67DEF}"
EndProject
Project("{FAE04EC0-301F-11D3-BF4B-00C04F79EFBC}") = "MyDownloader.Extension", "3rdparty\DownloadManager\MyDownloader.Extension\MyDownloader.Extension.csproj", "{FEA18B6C-491F-401A-A06B-AE47888FF288}"
EndProject
Global
	GlobalSection(SolutionConfigurationPlatforms) = preSolution
		Debug_Ubuntu|Any CPU = Debug_Ubuntu|Any CPU
		Debug_Ubuntu|Mixed Platforms = Debug_Ubuntu|Mixed Platforms
		Debug_Ubuntu|Win32 = Debug_Ubuntu|Win32
		Debug_Ubuntu|x64 = Debug_Ubuntu|x64
		Debug|Any CPU = Debug|Any CPU
		Debug|Mixed Platforms = Debug|Mixed Platforms
		Debug|Win32 = Debug|Win32
		Debug|x64 = Debug|x64
		Release_Ubuntu|Any CPU = Release_Ubuntu|Any CPU
		Release_Ubuntu|Mixed Platforms = Release_Ubuntu|Mixed Platforms
		Release_Ubuntu|Win32 = Release_Ubuntu|Win32
		Release_Ubuntu|x64 = Release_Ubuntu|x64
		Release|Any CPU = Release|Any CPU
		Release|Mixed Platforms = Release|Mixed Platforms
		Release|Win32 = Release|Win32
		Release|x64 = Release|x64
	EndGlobalSection
	GlobalSection(ProjectConfigurationPlatforms) = postSolution
		{A70B0AEE-15C4-49E1-9DC9-B936A1EBC2B5}.Debug_Ubuntu|Any CPU.ActiveCfg = Debug|Any CPU
		{A70B0AEE-15C4-49E1-9DC9-B936A1EBC2B5}.Debug_Ubuntu|Any CPU.Build.0 = Debug|Any CPU
		{A70B0AEE-15C4-49E1-9DC9-B936A1EBC2B5}.Debug_Ubuntu|Mixed Platforms.ActiveCfg = Debug|Any CPU
		{A70B0AEE-15C4-49E1-9DC9-B936A1EBC2B5}.Debug_Ubuntu|Mixed Platforms.Build.0 = Debug|Any CPU
		{A70B0AEE-15C4-49E1-9DC9-B936A1EBC2B5}.Debug_Ubuntu|Win32.ActiveCfg = Debug|Any CPU
		{A70B0AEE-15C4-49E1-9DC9-B936A1EBC2B5}.Debug_Ubuntu|Win32.Build.0 = Debug|Any CPU
		{A70B0AEE-15C4-49E1-9DC9-B936A1EBC2B5}.Debug_Ubuntu|x64.ActiveCfg = Debug|Any CPU
		{A70B0AEE-15C4-49E1-9DC9-B936A1EBC2B5}.Debug_Ubuntu|x64.Build.0 = Debug|Any CPU
		{A70B0AEE-15C4-49E1-9DC9-B936A1EBC2B5}.Debug|Any CPU.ActiveCfg = Debug|Any CPU
		{A70B0AEE-15C4-49E1-9DC9-B936A1EBC2B5}.Debug|Any CPU.Build.0 = Debug|Any CPU
		{A70B0AEE-15C4-49E1-9DC9-B936A1EBC2B5}.Debug|Mixed Platforms.ActiveCfg = Debug|Any CPU
		{A70B0AEE-15C4-49E1-9DC9-B936A1EBC2B5}.Debug|Mixed Platforms.Build.0 = Debug|Any CPU
		{A70B0AEE-15C4-49E1-9DC9-B936A1EBC2B5}.Debug|Win32.ActiveCfg = Debug|Any CPU
		{A70B0AEE-15C4-49E1-9DC9-B936A1EBC2B5}.Debug|Win32.Build.0 = Debug|Any CPU
		{A70B0AEE-15C4-49E1-9DC9-B936A1EBC2B5}.Debug|x64.ActiveCfg = Debug|Any CPU
		{A70B0AEE-15C4-49E1-9DC9-B936A1EBC2B5}.Debug|x64.Build.0 = Debug|Any CPU
		{A70B0AEE-15C4-49E1-9DC9-B936A1EBC2B5}.Release_Ubuntu|Any CPU.ActiveCfg = Release|Any CPU
		{A70B0AEE-15C4-49E1-9DC9-B936A1EBC2B5}.Release_Ubuntu|Any CPU.Build.0 = Release|Any CPU
		{A70B0AEE-15C4-49E1-9DC9-B936A1EBC2B5}.Release_Ubuntu|Mixed Platforms.ActiveCfg = Release|Any CPU
		{A70B0AEE-15C4-49E1-9DC9-B936A1EBC2B5}.Release_Ubuntu|Mixed Platforms.Build.0 = Release|Any CPU
		{A70B0AEE-15C4-49E1-9DC9-B936A1EBC2B5}.Release_Ubuntu|Win32.ActiveCfg = Release|Any CPU
		{A70B0AEE-15C4-49E1-9DC9-B936A1EBC2B5}.Release_Ubuntu|Win32.Build.0 = Release|Any CPU
		{A70B0AEE-15C4-49E1-9DC9-B936A1EBC2B5}.Release_Ubuntu|x64.ActiveCfg = Release|Any CPU
		{A70B0AEE-15C4-49E1-9DC9-B936A1EBC2B5}.Release_Ubuntu|x64.Build.0 = Release|Any CPU
		{A70B0AEE-15C4-49E1-9DC9-B936A1EBC2B5}.Release|Any CPU.ActiveCfg = Release|Any CPU
		{A70B0AEE-15C4-49E1-9DC9-B936A1EBC2B5}.Release|Any CPU.Build.0 = Release|Any CPU
		{A70B0AEE-15C4-49E1-9DC9-B936A1EBC2B5}.Release|Mixed Platforms.ActiveCfg = Release|Any CPU
		{A70B0AEE-15C4-49E1-9DC9-B936A1EBC2B5}.Release|Mixed Platforms.Build.0 = Release|Any CPU
		{A70B0AEE-15C4-49E1-9DC9-B936A1EBC2B5}.Release|Win32.ActiveCfg = Release|Any CPU
		{A70B0AEE-15C4-49E1-9DC9-B936A1EBC2B5}.Release|Win32.Build.0 = Release|Any CPU
		{A70B0AEE-15C4-49E1-9DC9-B936A1EBC2B5}.Release|x64.ActiveCfg = Release|Any CPU
		{23C94F99-F466-4CBE-90B7-71B450DD7BF1}.Debug_Ubuntu|Any CPU.ActiveCfg = Release|Win32
		{23C94F99-F466-4CBE-90B7-71B450DD7BF1}.Debug_Ubuntu|Mixed Platforms.ActiveCfg = Debug|Win32
		{23C94F99-F466-4CBE-90B7-71B450DD7BF1}.Debug_Ubuntu|Win32.ActiveCfg = Debug|Win32
		{23C94F99-F466-4CBE-90B7-71B450DD7BF1}.Debug_Ubuntu|x64.ActiveCfg = Release|Win32
		{23C94F99-F466-4CBE-90B7-71B450DD7BF1}.Debug|Any CPU.ActiveCfg = Debug|x64
		{23C94F99-F466-4CBE-90B7-71B450DD7BF1}.Debug|Any CPU.Build.0 = Debug|x64
		{23C94F99-F466-4CBE-90B7-71B450DD7BF1}.Debug|Mixed Platforms.ActiveCfg = Debug|x64
		{23C94F99-F466-4CBE-90B7-71B450DD7BF1}.Debug|Mixed Platforms.Build.0 = Debug|x64
		{23C94F99-F466-4CBE-90B7-71B450DD7BF1}.Debug|Win32.ActiveCfg = Debug|Win32
		{23C94F99-F466-4CBE-90B7-71B450DD7BF1}.Debug|Win32.Build.0 = Debug|Win32
		{23C94F99-F466-4CBE-90B7-71B450DD7BF1}.Debug|x64.ActiveCfg = Debug|x64
		{23C94F99-F466-4CBE-90B7-71B450DD7BF1}.Debug|x64.Build.0 = Debug|x64
		{23C94F99-F466-4CBE-90B7-71B450DD7BF1}.Release_Ubuntu|Any CPU.ActiveCfg = Release|Win32
		{23C94F99-F466-4CBE-90B7-71B450DD7BF1}.Release_Ubuntu|Mixed Platforms.ActiveCfg = Release|Win32
		{23C94F99-F466-4CBE-90B7-71B450DD7BF1}.Release_Ubuntu|Win32.ActiveCfg = Release|Win32
		{23C94F99-F466-4CBE-90B7-71B450DD7BF1}.Release_Ubuntu|x64.ActiveCfg = Release|Win32
		{23C94F99-F466-4CBE-90B7-71B450DD7BF1}.Release|Any CPU.ActiveCfg = Release|x64
		{23C94F99-F466-4CBE-90B7-71B450DD7BF1}.Release|Any CPU.Build.0 = Release|x64
		{23C94F99-F466-4CBE-90B7-71B450DD7BF1}.Release|Mixed Platforms.ActiveCfg = Release|x64
		{23C94F99-F466-4CBE-90B7-71B450DD7BF1}.Release|Mixed Platforms.Build.0 = Release|x64
		{23C94F99-F466-4CBE-90B7-71B450DD7BF1}.Release|Win32.ActiveCfg = Release|Win32
		{23C94F99-F466-4CBE-90B7-71B450DD7BF1}.Release|Win32.Build.0 = Release|Win32
		{23C94F99-F466-4CBE-90B7-71B450DD7BF1}.Release|x64.ActiveCfg = Release|Win32
		{CC9B70AB-897D-4AE9-8785-33CEB199E2E6}.Debug_Ubuntu|Any CPU.ActiveCfg = Release|x64
		{CC9B70AB-897D-4AE9-8785-33CEB199E2E6}.Debug_Ubuntu|Mixed Platforms.ActiveCfg = Debug|x64
		{CC9B70AB-897D-4AE9-8785-33CEB199E2E6}.Debug_Ubuntu|Win32.ActiveCfg = Release|x64
		{CC9B70AB-897D-4AE9-8785-33CEB199E2E6}.Debug_Ubuntu|x64.ActiveCfg = Debug|x64
		{CC9B70AB-897D-4AE9-8785-33CEB199E2E6}.Debug|Any CPU.ActiveCfg = Debug|x64
		{CC9B70AB-897D-4AE9-8785-33CEB199E2E6}.Debug|Mixed Platforms.ActiveCfg = Debug|x64
		{CC9B70AB-897D-4AE9-8785-33CEB199E2E6}.Debug|Mixed Platforms.Build.0 = Debug|x64
		{CC9B70AB-897D-4AE9-8785-33CEB199E2E6}.Debug|Win32.ActiveCfg = Debug|x64
		{CC9B70AB-897D-4AE9-8785-33CEB199E2E6}.Debug|Win32.Build.0 = Debug|x64
		{CC9B70AB-897D-4AE9-8785-33CEB199E2E6}.Debug|x64.ActiveCfg = Debug|x64
		{CC9B70AB-897D-4AE9-8785-33CEB199E2E6}.Debug|x64.Build.0 = Debug|x64
		{CC9B70AB-897D-4AE9-8785-33CEB199E2E6}.Release_Ubuntu|Any CPU.ActiveCfg = Release|x64
		{CC9B70AB-897D-4AE9-8785-33CEB199E2E6}.Release_Ubuntu|Mixed Platforms.ActiveCfg = Release|x64
		{CC9B70AB-897D-4AE9-8785-33CEB199E2E6}.Release_Ubuntu|Win32.ActiveCfg = Release|x64
		{CC9B70AB-897D-4AE9-8785-33CEB199E2E6}.Release_Ubuntu|x64.ActiveCfg = Release|x64
		{CC9B70AB-897D-4AE9-8785-33CEB199E2E6}.Release|Any CPU.ActiveCfg = Release|x64
		{CC9B70AB-897D-4AE9-8785-33CEB199E2E6}.Release|Mixed Platforms.ActiveCfg = Release|x64
		{CC9B70AB-897D-4AE9-8785-33CEB199E2E6}.Release|Mixed Platforms.Build.0 = Release|x64
		{CC9B70AB-897D-4AE9-8785-33CEB199E2E6}.Release|Win32.ActiveCfg = Release|x64
		{CC9B70AB-897D-4AE9-8785-33CEB199E2E6}.Release|Win32.Build.0 = Release|x64
		{CC9B70AB-897D-4AE9-8785-33CEB199E2E6}.Release|x64.ActiveCfg = Release|x64
		{CC9B70AB-897D-4AE9-8785-33CEB199E2E6}.Release|x64.Build.0 = Release|x64
		{9E106E41-0813-489D-A1B5-85ED434F2C3E}.Debug_Ubuntu|Any CPU.ActiveCfg = Debug|Any CPU
		{9E106E41-0813-489D-A1B5-85ED434F2C3E}.Debug_Ubuntu|Mixed Platforms.ActiveCfg = Debug|Any CPU
		{9E106E41-0813-489D-A1B5-85ED434F2C3E}.Debug_Ubuntu|Win32.ActiveCfg = Debug|Any CPU
		{9E106E41-0813-489D-A1B5-85ED434F2C3E}.Debug_Ubuntu|x64.ActiveCfg = Debug|Any CPU
		{9E106E41-0813-489D-A1B5-85ED434F2C3E}.Debug|Any CPU.ActiveCfg = Debug|Any CPU
		{9E106E41-0813-489D-A1B5-85ED434F2C3E}.Debug|Any CPU.Build.0 = Debug|Any CPU
		{9E106E41-0813-489D-A1B5-85ED434F2C3E}.Debug|Mixed Platforms.ActiveCfg = Debug|Any CPU
		{9E106E41-0813-489D-A1B5-85ED434F2C3E}.Debug|Mixed Platforms.Build.0 = Debug|Any CPU
		{9E106E41-0813-489D-A1B5-85ED434F2C3E}.Debug|Win32.ActiveCfg = Debug|Any CPU
		{9E106E41-0813-489D-A1B5-85ED434F2C3E}.Debug|Win32.Build.0 = Debug|Any CPU
		{9E106E41-0813-489D-A1B5-85ED434F2C3E}.Debug|x64.ActiveCfg = Debug|Any CPU
		{9E106E41-0813-489D-A1B5-85ED434F2C3E}.Release_Ubuntu|Any CPU.ActiveCfg = Release|Any CPU
		{9E106E41-0813-489D-A1B5-85ED434F2C3E}.Release_Ubuntu|Mixed Platforms.ActiveCfg = Release|Any CPU
		{9E106E41-0813-489D-A1B5-85ED434F2C3E}.Release_Ubuntu|Win32.ActiveCfg = Release|Any CPU
		{9E106E41-0813-489D-A1B5-85ED434F2C3E}.Release_Ubuntu|x64.ActiveCfg = Release|Any CPU
		{9E106E41-0813-489D-A1B5-85ED434F2C3E}.Release|Any CPU.ActiveCfg = Release|Any CPU
		{9E106E41-0813-489D-A1B5-85ED434F2C3E}.Release|Any CPU.Build.0 = Release|Any CPU
		{9E106E41-0813-489D-A1B5-85ED434F2C3E}.Release|Mixed Platforms.ActiveCfg = Release|Any CPU
		{9E106E41-0813-489D-A1B5-85ED434F2C3E}.Release|Mixed Platforms.Build.0 = Release|Any CPU
		{9E106E41-0813-489D-A1B5-85ED434F2C3E}.Release|Win32.ActiveCfg = Release|Any CPU
		{9E106E41-0813-489D-A1B5-85ED434F2C3E}.Release|Win32.Build.0 = Release|Any CPU
		{9E106E41-0813-489D-A1B5-85ED434F2C3E}.Release|x64.ActiveCfg = Release|Any CPU
		{0E9D874E-5354-465E-9EC3-F7A35C268A8A}.Debug_Ubuntu|Any CPU.ActiveCfg = Debug|Any CPU
		{0E9D874E-5354-465E-9EC3-F7A35C268A8A}.Debug_Ubuntu|Mixed Platforms.ActiveCfg = Debug|Any CPU
		{0E9D874E-5354-465E-9EC3-F7A35C268A8A}.Debug_Ubuntu|Win32.ActiveCfg = Debug|Any CPU
		{0E9D874E-5354-465E-9EC3-F7A35C268A8A}.Debug_Ubuntu|x64.ActiveCfg = Debug|Any CPU
		{0E9D874E-5354-465E-9EC3-F7A35C268A8A}.Debug|Any CPU.ActiveCfg = Debug|Any CPU
		{0E9D874E-5354-465E-9EC3-F7A35C268A8A}.Debug|Any CPU.Build.0 = Debug|Any CPU
		{0E9D874E-5354-465E-9EC3-F7A35C268A8A}.Debug|Mixed Platforms.ActiveCfg = Debug|Any CPU
		{0E9D874E-5354-465E-9EC3-F7A35C268A8A}.Debug|Mixed Platforms.Build.0 = Debug|Any CPU
		{0E9D874E-5354-465E-9EC3-F7A35C268A8A}.Debug|Win32.ActiveCfg = Debug|Any CPU
		{0E9D874E-5354-465E-9EC3-F7A35C268A8A}.Debug|Win32.Build.0 = Debug|Any CPU
		{0E9D874E-5354-465E-9EC3-F7A35C268A8A}.Debug|x64.ActiveCfg = Debug|Any CPU
		{0E9D874E-5354-465E-9EC3-F7A35C268A8A}.Release_Ubuntu|Any CPU.ActiveCfg = Release|Any CPU
		{0E9D874E-5354-465E-9EC3-F7A35C268A8A}.Release_Ubuntu|Mixed Platforms.ActiveCfg = Release|Any CPU
		{0E9D874E-5354-465E-9EC3-F7A35C268A8A}.Release_Ubuntu|Win32.ActiveCfg = Release|Any CPU
		{0E9D874E-5354-465E-9EC3-F7A35C268A8A}.Release_Ubuntu|x64.ActiveCfg = Release|Any CPU
		{0E9D874E-5354-465E-9EC3-F7A35C268A8A}.Release|Any CPU.ActiveCfg = Release|Any CPU
		{0E9D874E-5354-465E-9EC3-F7A35C268A8A}.Release|Any CPU.Build.0 = Release|Any CPU
		{0E9D874E-5354-465E-9EC3-F7A35C268A8A}.Release|Mixed Platforms.ActiveCfg = Release|Any CPU
		{0E9D874E-5354-465E-9EC3-F7A35C268A8A}.Release|Mixed Platforms.Build.0 = Release|Any CPU
		{0E9D874E-5354-465E-9EC3-F7A35C268A8A}.Release|Win32.ActiveCfg = Release|Any CPU
		{0E9D874E-5354-465E-9EC3-F7A35C268A8A}.Release|Win32.Build.0 = Release|Any CPU
		{0E9D874E-5354-465E-9EC3-F7A35C268A8A}.Release|x64.ActiveCfg = Release|Any CPU
		{36DC07F9-A4A6-4877-A146-1B960083CF6F}.Debug_Ubuntu|Any CPU.ActiveCfg = Release|x64
		{36DC07F9-A4A6-4877-A146-1B960083CF6F}.Debug_Ubuntu|Mixed Platforms.ActiveCfg = Debug|x64
		{36DC07F9-A4A6-4877-A146-1B960083CF6F}.Debug_Ubuntu|Win32.ActiveCfg = Release|x64
		{36DC07F9-A4A6-4877-A146-1B960083CF6F}.Debug_Ubuntu|x64.ActiveCfg = Debug|x64
		{36DC07F9-A4A6-4877-A146-1B960083CF6F}.Debug|Any CPU.ActiveCfg = Debug|x64
		{36DC07F9-A4A6-4877-A146-1B960083CF6F}.Debug|Any CPU.Build.0 = Debug|x64
		{36DC07F9-A4A6-4877-A146-1B960083CF6F}.Debug|Mixed Platforms.ActiveCfg = Debug|x64
		{36DC07F9-A4A6-4877-A146-1B960083CF6F}.Debug|Mixed Platforms.Build.0 = Debug|x64
		{36DC07F9-A4A6-4877-A146-1B960083CF6F}.Debug|Win32.ActiveCfg = Debug|x64
		{36DC07F9-A4A6-4877-A146-1B960083CF6F}.Debug|Win32.Build.0 = Debug|x64
		{36DC07F9-A4A6-4877-A146-1B960083CF6F}.Debug|x64.ActiveCfg = Debug|x64
		{36DC07F9-A4A6-4877-A146-1B960083CF6F}.Debug|x64.Build.0 = Debug|x64
		{36DC07F9-A4A6-4877-A146-1B960083CF6F}.Release_Ubuntu|Any CPU.ActiveCfg = Release|x64
		{36DC07F9-A4A6-4877-A146-1B960083CF6F}.Release_Ubuntu|Mixed Platforms.ActiveCfg = Release|x64
		{36DC07F9-A4A6-4877-A146-1B960083CF6F}.Release_Ubuntu|Win32.ActiveCfg = Release|x64
		{36DC07F9-A4A6-4877-A146-1B960083CF6F}.Release_Ubuntu|x64.ActiveCfg = Release|x64
		{36DC07F9-A4A6-4877-A146-1B960083CF6F}.Release|Any CPU.ActiveCfg = Release|x64
		{36DC07F9-A4A6-4877-A146-1B960083CF6F}.Release|Mixed Platforms.ActiveCfg = Release|x64
		{36DC07F9-A4A6-4877-A146-1B960083CF6F}.Release|Mixed Platforms.Build.0 = Release|x64
		{36DC07F9-A4A6-4877-A146-1B960083CF6F}.Release|Win32.ActiveCfg = Release|x64
		{36DC07F9-A4A6-4877-A146-1B960083CF6F}.Release|Win32.Build.0 = Release|x64
		{36DC07F9-A4A6-4877-A146-1B960083CF6F}.Release|x64.ActiveCfg = Release|x64
		{36DC07F9-A4A6-4877-A146-1B960083CF6F}.Release|x64.Build.0 = Release|x64
		{F4D88D6A-2321-4431-AFD1-8B6A1760358B}.Debug_Ubuntu|Any CPU.ActiveCfg = Release|x64
		{F4D88D6A-2321-4431-AFD1-8B6A1760358B}.Debug_Ubuntu|Mixed Platforms.ActiveCfg = Debug|Win32
		{F4D88D6A-2321-4431-AFD1-8B6A1760358B}.Debug_Ubuntu|Win32.ActiveCfg = Debug|Win32
		{F4D88D6A-2321-4431-AFD1-8B6A1760358B}.Debug_Ubuntu|x64.ActiveCfg = Debug|x64
		{F4D88D6A-2321-4431-AFD1-8B6A1760358B}.Debug|Any CPU.ActiveCfg = Debug|Win32
		{F4D88D6A-2321-4431-AFD1-8B6A1760358B}.Debug|Mixed Platforms.ActiveCfg = Debug|x64
		{F4D88D6A-2321-4431-AFD1-8B6A1760358B}.Debug|Mixed Platforms.Build.0 = Debug|x64
		{F4D88D6A-2321-4431-AFD1-8B6A1760358B}.Debug|Win32.ActiveCfg = Debug|x64
		{F4D88D6A-2321-4431-AFD1-8B6A1760358B}.Debug|Win32.Build.0 = Debug|x64
		{F4D88D6A-2321-4431-AFD1-8B6A1760358B}.Debug|x64.ActiveCfg = Debug|x64
		{F4D88D6A-2321-4431-AFD1-8B6A1760358B}.Debug|x64.Build.0 = Debug|x64
		{F4D88D6A-2321-4431-AFD1-8B6A1760358B}.Release_Ubuntu|Any CPU.ActiveCfg = Release|x64
		{F4D88D6A-2321-4431-AFD1-8B6A1760358B}.Release_Ubuntu|Mixed Platforms.ActiveCfg = Release|x64
		{F4D88D6A-2321-4431-AFD1-8B6A1760358B}.Release_Ubuntu|Win32.ActiveCfg = Debug|Win32
		{F4D88D6A-2321-4431-AFD1-8B6A1760358B}.Release_Ubuntu|x64.ActiveCfg = Release|x64
		{F4D88D6A-2321-4431-AFD1-8B6A1760358B}.Release|Any CPU.ActiveCfg = Release|x64
		{F4D88D6A-2321-4431-AFD1-8B6A1760358B}.Release|Mixed Platforms.ActiveCfg = Release|x64
		{F4D88D6A-2321-4431-AFD1-8B6A1760358B}.Release|Mixed Platforms.Build.0 = Release|x64
		{F4D88D6A-2321-4431-AFD1-8B6A1760358B}.Release|Win32.ActiveCfg = Release|x64
		{F4D88D6A-2321-4431-AFD1-8B6A1760358B}.Release|Win32.Build.0 = Release|x64
		{F4D88D6A-2321-4431-AFD1-8B6A1760358B}.Release|x64.ActiveCfg = Release|x64
		{F4D88D6A-2321-4431-AFD1-8B6A1760358B}.Release|x64.Build.0 = Release|x64
		{E763345E-6696-4C53-8764-47E4ABD67DEF}.Debug_Ubuntu|Any CPU.ActiveCfg = Debug|Any CPU
		{E763345E-6696-4C53-8764-47E4ABD67DEF}.Debug_Ubuntu|Any CPU.Build.0 = Debug|Any CPU
		{E763345E-6696-4C53-8764-47E4ABD67DEF}.Debug_Ubuntu|Mixed Platforms.ActiveCfg = Debug|Any CPU
		{E763345E-6696-4C53-8764-47E4ABD67DEF}.Debug_Ubuntu|Mixed Platforms.Build.0 = Debug|Any CPU
		{E763345E-6696-4C53-8764-47E4ABD67DEF}.Debug_Ubuntu|Win32.ActiveCfg = Debug|Any CPU
		{E763345E-6696-4C53-8764-47E4ABD67DEF}.Debug_Ubuntu|Win32.Build.0 = Debug|Any CPU
		{E763345E-6696-4C53-8764-47E4ABD67DEF}.Debug_Ubuntu|x64.ActiveCfg = Debug|Any CPU
		{E763345E-6696-4C53-8764-47E4ABD67DEF}.Debug_Ubuntu|x64.Build.0 = Debug|Any CPU
		{E763345E-6696-4C53-8764-47E4ABD67DEF}.Debug|Any CPU.ActiveCfg = Debug|Any CPU
		{E763345E-6696-4C53-8764-47E4ABD67DEF}.Debug|Any CPU.Build.0 = Debug|Any CPU
		{E763345E-6696-4C53-8764-47E4ABD67DEF}.Debug|Mixed Platforms.ActiveCfg = Debug|Any CPU
		{E763345E-6696-4C53-8764-47E4ABD67DEF}.Debug|Mixed Platforms.Build.0 = Debug|Any CPU
		{E763345E-6696-4C53-8764-47E4ABD67DEF}.Debug|Win32.ActiveCfg = Debug|Any CPU
		{E763345E-6696-4C53-8764-47E4ABD67DEF}.Debug|Win32.Build.0 = Debug|Any CPU
		{E763345E-6696-4C53-8764-47E4ABD67DEF}.Debug|x64.ActiveCfg = Debug|Any CPU
		{E763345E-6696-4C53-8764-47E4ABD67DEF}.Debug|x64.Build.0 = Debug|Any CPU
		{E763345E-6696-4C53-8764-47E4ABD67DEF}.Release_Ubuntu|Any CPU.ActiveCfg = Release|Any CPU
		{E763345E-6696-4C53-8764-47E4ABD67DEF}.Release_Ubuntu|Any CPU.Build.0 = Release|Any CPU
		{E763345E-6696-4C53-8764-47E4ABD67DEF}.Release_Ubuntu|Mixed Platforms.ActiveCfg = Release|Any CPU
		{E763345E-6696-4C53-8764-47E4ABD67DEF}.Release_Ubuntu|Mixed Platforms.Build.0 = Release|Any CPU
		{E763345E-6696-4C53-8764-47E4ABD67DEF}.Release_Ubuntu|Win32.ActiveCfg = Release|Any CPU
		{E763345E-6696-4C53-8764-47E4ABD67DEF}.Release_Ubuntu|Win32.Build.0 = Release|Any CPU
		{E763345E-6696-4C53-8764-47E4ABD67DEF}.Release_Ubuntu|x64.ActiveCfg = Release|Any CPU
		{E763345E-6696-4C53-8764-47E4ABD67DEF}.Release_Ubuntu|x64.Build.0 = Release|Any CPU
		{E763345E-6696-4C53-8764-47E4ABD67DEF}.Release|Any CPU.ActiveCfg = Release|Any CPU
		{E763345E-6696-4C53-8764-47E4ABD67DEF}.Release|Any CPU.Build.0 = Release|Any CPU
		{E763345E-6696-4C53-8764-47E4ABD67DEF}.Release|Mixed Platforms.ActiveCfg = Release|Any CPU
		{E763345E-6696-4C53-8764-47E4ABD67DEF}.Release|Mixed Platforms.Build.0 = Release|Any CPU
		{E763345E-6696-4C53-8764-47E4ABD67DEF}.Release|Win32.ActiveCfg = Release|Any CPU
		{E763345E-6696-4C53-8764-47E4ABD67DEF}.Release|Win32.Build.0 = Release|Any CPU
		{E763345E-6696-4C53-8764-47E4ABD67DEF}.Release|x64.ActiveCfg = Release|Any CPU
		{E763345E-6696-4C53-8764-47E4ABD67DEF}.Release|x64.Build.0 = Release|Any CPU
		{FEA18B6C-491F-401A-A06B-AE47888FF288}.Debug_Ubuntu|Any CPU.ActiveCfg = Debug|Any CPU
		{FEA18B6C-491F-401A-A06B-AE47888FF288}.Debug_Ubuntu|Any CPU.Build.0 = Debug|Any CPU
		{FEA18B6C-491F-401A-A06B-AE47888FF288}.Debug_Ubuntu|Mixed Platforms.ActiveCfg = Debug|Any CPU
		{FEA18B6C-491F-401A-A06B-AE47888FF288}.Debug_Ubuntu|Mixed Platforms.Build.0 = Debug|Any CPU
		{FEA18B6C-491F-401A-A06B-AE47888FF288}.Debug_Ubuntu|Win32.ActiveCfg = Debug|Any CPU
		{FEA18B6C-491F-401A-A06B-AE47888FF288}.Debug_Ubuntu|Win32.Build.0 = Debug|Any CPU
		{FEA18B6C-491F-401A-A06B-AE47888FF288}.Debug_Ubuntu|x64.ActiveCfg = Debug|Any CPU
		{FEA18B6C-491F-401A-A06B-AE47888FF288}.Debug_Ubuntu|x64.Build.0 = Debug|Any CPU
		{FEA18B6C-491F-401A-A06B-AE47888FF288}.Debug|Any CPU.ActiveCfg = Debug|Any CPU
		{FEA18B6C-491F-401A-A06B-AE47888FF288}.Debug|Any CPU.Build.0 = Debug|Any CPU
		{FEA18B6C-491F-401A-A06B-AE47888FF288}.Debug|Mixed Platforms.ActiveCfg = Debug|Any CPU
		{FEA18B6C-491F-401A-A06B-AE47888FF288}.Debug|Mixed Platforms.Build.0 = Debug|Any CPU
		{FEA18B6C-491F-401A-A06B-AE47888FF288}.Debug|Win32.ActiveCfg = Debug|Any CPU
		{FEA18B6C-491F-401A-A06B-AE47888FF288}.Debug|Win32.Build.0 = Debug|Any CPU
		{FEA18B6C-491F-401A-A06B-AE47888FF288}.Debug|x64.ActiveCfg = Debug|Any CPU
		{FEA18B6C-491F-401A-A06B-AE47888FF288}.Debug|x64.Build.0 = Debug|Any CPU
		{FEA18B6C-491F-401A-A06B-AE47888FF288}.Release_Ubuntu|Any CPU.ActiveCfg = Release|Any CPU
		{FEA18B6C-491F-401A-A06B-AE47888FF288}.Release_Ubuntu|Any CPU.Build.0 = Release|Any CPU
		{FEA18B6C-491F-401A-A06B-AE47888FF288}.Release_Ubuntu|Mixed Platforms.ActiveCfg = Release|Any CPU
		{FEA18B6C-491F-401A-A06B-AE47888FF288}.Release_Ubuntu|Mixed Platforms.Build.0 = Release|Any CPU
		{FEA18B6C-491F-401A-A06B-AE47888FF288}.Release_Ubuntu|Win32.ActiveCfg = Release|Any CPU
		{FEA18B6C-491F-401A-A06B-AE47888FF288}.Release_Ubuntu|Win32.Build.0 = Release|Any CPU
		{FEA18B6C-491F-401A-A06B-AE47888FF288}.Release_Ubuntu|x64.ActiveCfg = Release|Any CPU
		{FEA18B6C-491F-401A-A06B-AE47888FF288}.Release_Ubuntu|x64.Build.0 = Release|Any CPU
		{FEA18B6C-491F-401A-A06B-AE47888FF288}.Release|Any CPU.ActiveCfg = Release|Any CPU
		{FEA18B6C-491F-401A-A06B-AE47888FF288}.Release|Any CPU.Build.0 = Release|Any CPU
		{FEA18B6C-491F-401A-A06B-AE47888FF288}.Release|Mixed Platforms.ActiveCfg = Release|Any CPU
		{FEA18B6C-491F-401A-A06B-AE47888FF288}.Release|Mixed Platforms.Build.0 = Release|Any CPU
		{FEA18B6C-491F-401A-A06B-AE47888FF288}.Release|Win32.ActiveCfg = Release|Any CPU
		{FEA18B6C-491F-401A-A06B-AE47888FF288}.Release|Win32.Build.0 = Release|Any CPU
		{FEA18B6C-491F-401A-A06B-AE47888FF288}.Release|x64.ActiveCfg = Release|Any CPU
		{FEA18B6C-491F-401A-A06B-AE47888FF288}.Release|x64.Build.0 = Release|Any CPU
	EndGlobalSection
	GlobalSection(SolutionProperties) = preSolution
		HideSolutionNode = FALSE
	EndGlobalSection
EndGlobal
