
Microsoft Visual Studio Solution File, Format Version 12.00
# Visual Studio Version 16
VisualStudioVersion = 16.0.28803.156
MinimumVisualStudioVersion = 10.0.40219.1
Project("{FAE04EC0-301F-11D3-BF4B-00C04F79EFBC}") = "MyDownloader.Core", "src\3rdparty\DownloadManager\MyDownloader.Core\MyDownloader.Core.csproj", "{E763345E-6696-4C53-8764-47E4ABD67DEF}"
EndProject
Project("{FAE04EC0-301F-11D3-BF4B-00C04F79EFBC}") = "MyDownloader.Extension", "src\3rdparty\DownloadManager\MyDownloader.Extension\MyDownloader.Extension.csproj", "{FEA18B6C-491F-401A-A06B-AE47888FF288}"
EndProject
Project("{FAE04EC0-301F-11D3-BF4B-00C04F79EFBC}") = "websocket-sharp", "src\3rdparty\websocket-sharp\websocket-sharp.csproj", "{B357BAC7-529E-4D81-A0D2-71041B19C8DE}"
EndProject
Project("{FAE04EC0-301F-11D3-BF4B-00C04F79EFBC}") = "NiceHashMiner.Tests", "src\Tests\NiceHashMiner.Tests\NiceHashMiner.Tests.csproj", "{5A66D9F6-7817-4FEC-9814-2F89744DD7D9}"
EndProject
Project("{FAE04EC0-301F-11D3-BF4B-00C04F79EFBC}") = "Nvml", "src\3rdparty\managedCuda\Nvml\Nvml.csproj", "{92D51A33-7BF0-47FD-9ECE-D758FFE1691D}"
EndProject
Project("{2150E333-8FDC-42A3-9474-1A3956D46DE8}") = "3rdParty", "3rdParty", "{A1439575-6634-4B04-A802-93E1729D932C}"
EndProject
Project("{2150E333-8FDC-42A3-9474-1A3956D46DE8}") = "MyDownloader", "MyDownloader", "{666913D5-EF69-4E86-960B-AB1E9D0C720B}"
EndProject
Project("{2150E333-8FDC-42A3-9474-1A3956D46DE8}") = "managedCuda", "managedCuda", "{71DDA2F7-3DEC-454A-BB85-0960E0225177}"
EndProject
Project("{2150E333-8FDC-42A3-9474-1A3956D46DE8}") = "Tests", "Tests", "{36B5E0D8-66A4-4E14-970E-08F35D5A35DD}"
EndProject
Project("{9A19103F-16F7-4668-BE54-9A1E7A4F7556}") = "NHM.Extensions.Tests", "src\Tests\NHM.Extensions.Tests\NHM.Extensions.Tests.csproj", "{1DA67DF2-BEDB-4E91-8291-17D7D6EA40DB}"
EndProject
Project("{9A19103F-16F7-4668-BE54-9A1E7A4F7556}") = "NHM.Common", "src\NHM.Common\NHM.Common.csproj", "{279A5B29-3799-43FA-9734-E462E046BA81}"
EndProject
Project("{FAE04EC0-301F-11D3-BF4B-00C04F79EFBC}") = "NiceHashMiner", "src\NiceHashMiner\NiceHashMiner.csproj", "{A70B0AEE-15C4-49E1-9DC9-B936A1EBC2B5}"
EndProject
Project("{2150E333-8FDC-42A3-9474-1A3956D46DE8}") = "Miners", "Miners", "{F40126B4-5B3B-4085-B47D-A5EF4B51570C}"
	ProjectSection(SolutionItems) = preProject
		src\Miners\Readme.md = src\Miners\Readme.md
	EndProjectSection
EndProject
Project("{9A19103F-16F7-4668-BE54-9A1E7A4F7556}") = "MinerPlugin", "src\Miners\MinerPlugin\MinerPlugin.csproj", "{AD369259-FE29-4832-BD46-12A6D4B181C5}"
EndProject
Project("{9A19103F-16F7-4668-BE54-9A1E7A4F7556}") = "MinerPluginLoader", "src\Miners\MinerPluginLoader\MinerPluginLoader.csproj", "{2C35F83C-AA75-49C0-98E8-082E329B6491}"
EndProject
Project("{2150E333-8FDC-42A3-9474-1A3956D46DE8}") = "Tools", "Tools", "{BB931C9A-EE48-42A6-B5F3-3A193B1A051A}"
EndProject
Project("{FAE04EC0-301F-11D3-BF4B-00C04F79EFBC}") = "DeviceDetectionPrinter", "src\Tools\DeviceDetectionPrinter\DeviceDetectionPrinter.csproj", "{304F63A2-55EC-43B5-BFE3-5D949BAC7C28}"
EndProject
Project("{FAE04EC0-301F-11D3-BF4B-00C04F79EFBC}") = "MinerSmokeTest", "src\Tools\MinerSmokeTest\MinerSmokeTest.csproj", "{D69B02E9-3FAF-438C-BC26-86A9451E5CDE}"
EndProject
Project("{9A19103F-16F7-4668-BE54-9A1E7A4F7556}") = "NBMiner", "src\Miners\NBMiner\NBMiner.csproj", "{A4B0CDCB-D1D7-4563-9888-D58E0B36D0F8}"
EndProject
Project("{9A19103F-16F7-4668-BE54-9A1E7A4F7556}") = "TTMiner", "src\Miners\TTMiner\TTMiner.csproj", "{06E84BAD-4317-41E0-AD59-31E70DB4C12C}"
EndProject
Project("{FAE04EC0-301F-11D3-BF4B-00C04F79EFBC}") = "MinerProcessCounter", "src\Tools\MinerProcessCounter\MinerProcessCounter.csproj", "{69B58028-8F30-4D3F-8E51-DEF85C08E4CC}"
EndProject
Project("{9A19103F-16F7-4668-BE54-9A1E7A4F7556}") = "BMiner", "src\Miners\BMiner\BMiner.csproj", "{DA54E8C4-73D8-4F1A-BE84-0D548B77A2C0}"
EndProject
Project("{9A19103F-16F7-4668-BE54-9A1E7A4F7556}") = "CryptoDredge", "src\Miners\CryptoDredge\CryptoDredge.csproj", "{27C2F4A0-AF83-40F7-B1C8-79344578F3EC}"
EndProject
Project("{9A19103F-16F7-4668-BE54-9A1E7A4F7556}") = "LolMinerBeam", "src\Miners\LolMinerBeam\LolMinerBeam.csproj", "{DB7AC204-7B8C-4FA4-8D8C-DC133E534D8A}"
EndProject
Project("{9A19103F-16F7-4668-BE54-9A1E7A4F7556}") = "ZEnemy", "src\Miners\ZEnemy\ZEnemy.csproj", "{059E2CA2-85C5-453E-A48C-ADA45A3C5879}"
EndProject
Project("{9A19103F-16F7-4668-BE54-9A1E7A4F7556}") = "EWBF", "src\Miners\EWBF\EWBF.csproj", "{8B382C65-FC83-43BD-AE16-F06C26A24786}"
EndProject
Project("{9A19103F-16F7-4668-BE54-9A1E7A4F7556}") = "TeamRedMiner", "src\Miners\TeamRedMiner\TeamRedMiner.csproj", "{6EC1BCE3-087E-4DC7-BF93-24445F853F69}"
EndProject
Project("{9A19103F-16F7-4668-BE54-9A1E7A4F7556}") = "MinerPluginToolkitV1", "src\Miners\MinerPluginToolkitV1\MinerPluginToolkitV1.csproj", "{847398E0-2E35-4A85-8C70-0B40AA172ABA}"
EndProject
Project("{FAE04EC0-301F-11D3-BF4B-00C04F79EFBC}") = "MinerPluginsPacker", "src\Tools\MinerPluginsPacker\MinerPluginsPacker.csproj", "{9279833C-95C4-4692-8D5A-22D200B60043}"
EndProject
Project("{9A19103F-16F7-4668-BE54-9A1E7A4F7556}") = "TRex", "src\Miners\TRex\TRex.csproj", "{1B00711A-2CA2-49C0-A9FD-8BF9E478E3B0}"
EndProject
Project("{9A19103F-16F7-4668-BE54-9A1E7A4F7556}") = "GMiner", "src\Miners\GMiner\GMiner.csproj", "{A95EE45C-D188-46E8-91F6-2CF858420BB5}"
EndProject
Project("{FAE04EC0-301F-11D3-BF4B-00C04F79EFBC}") = "MessageBoxManager", "src\3rdparty\MessageBoxManager\MessageBoxManager.csproj", "{0E9D874E-5354-465E-9EC3-F7A35C268A8A}"
EndProject
Project("{FAE04EC0-301F-11D3-BF4B-00C04F79EFBC}") = "nvidiasetp0state", "src\Tools\nvidiasetp0state\nvidiasetp0state.csproj", "{9E106E41-0813-489D-A1B5-85ED434F2C3E}"
EndProject
Project("{FAE04EC0-301F-11D3-BF4B-00C04F79EFBC}") = "FirewallRules", "src\Tools\FirewallRules\FirewallRules.csproj", "{BA2F08D2-DABD-4C2E-82B1-E1E5A3725911}"
EndProject
Project("{9A19103F-16F7-4668-BE54-9A1E7A4F7556}") = "XmrStak", "src\Miners\XmrStak\XmrStak.csproj", "{436FA350-A15C-433B-881B-6892B34A4C0D}"
EndProject
Project("{9A19103F-16F7-4668-BE54-9A1E7A4F7556}") = "Ethlargement", "src\Miners\Ethlargement\Ethlargement.csproj", "{5F994AD1-02A2-4A00-90CA-5CD5943FD24A}"
EndProject
Project("{FAE04EC0-301F-11D3-BF4B-00C04F79EFBC}") = "Miners", "src\Tests\Miners\Miners.csproj", "{EAF24224-609F-4E33-806A-D81C9660168F}"
EndProject
Project("{FAE04EC0-301F-11D3-BF4B-00C04F79EFBC}") = "CreateLogReport", "src\Tools\CreateLogReport\CreateLogReport.csproj", "{663285C0-8F68-4638-BEB2-4BB042868445}"
EndProject
Project("{FAE04EC0-301F-11D3-BF4B-00C04F79EFBC}") = "StripRelease", "src\Tools\StripRelease\StripRelease.csproj", "{C7A43277-7389-4A7C-8363-522FC9A0196B}"
EndProject
Project("{9A19103F-16F7-4668-BE54-9A1E7A4F7556}") = "ClaymoreDual14", "src\Miners\ClaymoreDual14\ClaymoreDual14.csproj", "{F28ECF66-1FD8-4A75-9E2B-D49F7036DE72}"
EndProject
Project("{FAE04EC0-301F-11D3-BF4B-00C04F79EFBC}") = "NHM.MinersDownloader", "src\NHM.MinersDownloader\NHM.MinersDownloader.csproj", "{6BDC0B57-E7D9-43E1-8534-55AE8A1B12ED}"
EndProject
Project("{FAE04EC0-301F-11D3-BF4B-00C04F79EFBC}") = "NHM.UUID", "src\NHM.UUID\NHM.UUID.csproj", "{EE6160CC-8C19-4AD8-BB1E-C295347203EE}"
EndProject
Project("{FAE04EC0-301F-11D3-BF4B-00C04F79EFBC}") = "NHM.DeviceDetection", "src\NHM.DeviceDetection\NHM.DeviceDetection.csproj", "{9B4E5761-4C68-41F8-86BB-26F3382C6189}"
EndProject
Project("{FAE04EC0-301F-11D3-BF4B-00C04F79EFBC}") = "NHM.DeviceMonitoring", "src\NHM.DeviceMonitoring\NHM.DeviceMonitoring.csproj", "{9C50C5CF-4F75-4533-80AA-1EA23B05377E}"
EndProject
Project("{9A19103F-16F7-4668-BE54-9A1E7A4F7556}") = "NHM.Extensions", "src\NHM.Extensions\NHM.Extensions.csproj", "{12564275-9741-4341-868D-8762448884D0}"
EndProject
Project("{9A19103F-16F7-4668-BE54-9A1E7A4F7556}") = "NanoMiner", "src\Miners\NanoMiner\NanoMiner.csproj", "{1B657592-641E-42EC-BC44-ABCAE62EF1FD}"
EndProject
Project("{9A19103F-16F7-4668-BE54-9A1E7A4F7556}") = "Phoenix", "src\Miners\Phoenix\Phoenix.csproj", "{CE5DC45C-1E1C-498B-BAB7-5540E346AC21}"
EndProject
Project("{9A19103F-16F7-4668-BE54-9A1E7A4F7556}") = "BrokenMiner", "src\Miners\BrokenMiner\BrokenMiner.csproj", "{2271753A-C4AB-4140-8339-08804764719F}"
EndProject
Project("{9A19103F-16F7-4668-BE54-9A1E7A4F7556}") = "WildRig", "src\Miners\WildRig\WildRig.csproj", "{FA68227D-27A2-4058-8D36-005FADAFECC0}"
EndProject
Project("{9A19103F-16F7-4668-BE54-9A1E7A4F7556}") = "ExamplePlugin", "src\Miners\ExamplePlugin\ExamplePlugin.csproj", "{DFC88036-796A-4046-B3B6-DE9FA56EDF28}"
EndProject
Project("{FAE04EC0-301F-11D3-BF4B-00C04F79EFBC}") = "runnhmasadmin", "src\Tools\runnhmasadmin\runnhmasadmin.csproj", "{3712894A-0836-4CE3-A4A9-C21A32AACBEC}"
EndProject
Project("{FAE04EC0-301F-11D3-BF4B-00C04F79EFBC}") = "RigIDPrinter", "src\Tools\RigIDPrinter\RigIDPrinter.csproj", "{138E97ED-8C5B-4C31-90F8-4260714A56E7}"
EndProject
Global
	GlobalSection(SolutionConfigurationPlatforms) = preSolution
		Debug|Any CPU = Debug|Any CPU
		Debug|Mixed Platforms = Debug|Mixed Platforms
		Debug|Win32 = Debug|Win32
		Debug|x64 = Debug|x64
		Release|Any CPU = Release|Any CPU
		Release|Mixed Platforms = Release|Mixed Platforms
		Release|Win32 = Release|Win32
		Release|x64 = Release|x64
	EndGlobalSection
	GlobalSection(ProjectConfigurationPlatforms) = postSolution
		{E763345E-6696-4C53-8764-47E4ABD67DEF}.Debug|Any CPU.ActiveCfg = Debug|Any CPU
		{E763345E-6696-4C53-8764-47E4ABD67DEF}.Debug|Any CPU.Build.0 = Debug|Any CPU
		{E763345E-6696-4C53-8764-47E4ABD67DEF}.Debug|Mixed Platforms.ActiveCfg = Debug|Any CPU
		{E763345E-6696-4C53-8764-47E4ABD67DEF}.Debug|Mixed Platforms.Build.0 = Debug|Any CPU
		{E763345E-6696-4C53-8764-47E4ABD67DEF}.Debug|Win32.ActiveCfg = Debug|Any CPU
		{E763345E-6696-4C53-8764-47E4ABD67DEF}.Debug|Win32.Build.0 = Debug|Any CPU
		{E763345E-6696-4C53-8764-47E4ABD67DEF}.Debug|x64.ActiveCfg = Debug|Any CPU
		{E763345E-6696-4C53-8764-47E4ABD67DEF}.Debug|x64.Build.0 = Debug|Any CPU
		{E763345E-6696-4C53-8764-47E4ABD67DEF}.Release|Any CPU.ActiveCfg = Release|Any CPU
		{E763345E-6696-4C53-8764-47E4ABD67DEF}.Release|Any CPU.Build.0 = Release|Any CPU
		{E763345E-6696-4C53-8764-47E4ABD67DEF}.Release|Mixed Platforms.ActiveCfg = Release|Any CPU
		{E763345E-6696-4C53-8764-47E4ABD67DEF}.Release|Mixed Platforms.Build.0 = Release|Any CPU
		{E763345E-6696-4C53-8764-47E4ABD67DEF}.Release|Win32.ActiveCfg = Release|Any CPU
		{E763345E-6696-4C53-8764-47E4ABD67DEF}.Release|Win32.Build.0 = Release|Any CPU
		{E763345E-6696-4C53-8764-47E4ABD67DEF}.Release|x64.ActiveCfg = Release|Any CPU
		{E763345E-6696-4C53-8764-47E4ABD67DEF}.Release|x64.Build.0 = Release|Any CPU
		{FEA18B6C-491F-401A-A06B-AE47888FF288}.Debug|Any CPU.ActiveCfg = Debug|Any CPU
		{FEA18B6C-491F-401A-A06B-AE47888FF288}.Debug|Any CPU.Build.0 = Debug|Any CPU
		{FEA18B6C-491F-401A-A06B-AE47888FF288}.Debug|Mixed Platforms.ActiveCfg = Debug|Any CPU
		{FEA18B6C-491F-401A-A06B-AE47888FF288}.Debug|Mixed Platforms.Build.0 = Debug|Any CPU
		{FEA18B6C-491F-401A-A06B-AE47888FF288}.Debug|Win32.ActiveCfg = Debug|Any CPU
		{FEA18B6C-491F-401A-A06B-AE47888FF288}.Debug|Win32.Build.0 = Debug|Any CPU
		{FEA18B6C-491F-401A-A06B-AE47888FF288}.Debug|x64.ActiveCfg = Debug|Any CPU
		{FEA18B6C-491F-401A-A06B-AE47888FF288}.Debug|x64.Build.0 = Debug|Any CPU
		{FEA18B6C-491F-401A-A06B-AE47888FF288}.Release|Any CPU.ActiveCfg = Release|Any CPU
		{FEA18B6C-491F-401A-A06B-AE47888FF288}.Release|Any CPU.Build.0 = Release|Any CPU
		{FEA18B6C-491F-401A-A06B-AE47888FF288}.Release|Mixed Platforms.ActiveCfg = Release|Any CPU
		{FEA18B6C-491F-401A-A06B-AE47888FF288}.Release|Mixed Platforms.Build.0 = Release|Any CPU
		{FEA18B6C-491F-401A-A06B-AE47888FF288}.Release|Win32.ActiveCfg = Release|Any CPU
		{FEA18B6C-491F-401A-A06B-AE47888FF288}.Release|Win32.Build.0 = Release|Any CPU
		{FEA18B6C-491F-401A-A06B-AE47888FF288}.Release|x64.ActiveCfg = Release|Any CPU
		{FEA18B6C-491F-401A-A06B-AE47888FF288}.Release|x64.Build.0 = Release|Any CPU
		{B357BAC7-529E-4D81-A0D2-71041B19C8DE}.Debug|Any CPU.ActiveCfg = Debug|Any CPU
		{B357BAC7-529E-4D81-A0D2-71041B19C8DE}.Debug|Any CPU.Build.0 = Debug|Any CPU
		{B357BAC7-529E-4D81-A0D2-71041B19C8DE}.Debug|Mixed Platforms.ActiveCfg = Debug|Any CPU
		{B357BAC7-529E-4D81-A0D2-71041B19C8DE}.Debug|Mixed Platforms.Build.0 = Debug|Any CPU
		{B357BAC7-529E-4D81-A0D2-71041B19C8DE}.Debug|Win32.ActiveCfg = Debug|Any CPU
		{B357BAC7-529E-4D81-A0D2-71041B19C8DE}.Debug|Win32.Build.0 = Debug|Any CPU
		{B357BAC7-529E-4D81-A0D2-71041B19C8DE}.Debug|x64.ActiveCfg = Debug|Any CPU
		{B357BAC7-529E-4D81-A0D2-71041B19C8DE}.Debug|x64.Build.0 = Debug|Any CPU
		{B357BAC7-529E-4D81-A0D2-71041B19C8DE}.Release|Any CPU.ActiveCfg = Release|Any CPU
		{B357BAC7-529E-4D81-A0D2-71041B19C8DE}.Release|Any CPU.Build.0 = Release|Any CPU
		{B357BAC7-529E-4D81-A0D2-71041B19C8DE}.Release|Mixed Platforms.ActiveCfg = Release|Any CPU
		{B357BAC7-529E-4D81-A0D2-71041B19C8DE}.Release|Mixed Platforms.Build.0 = Release|Any CPU
		{B357BAC7-529E-4D81-A0D2-71041B19C8DE}.Release|Win32.ActiveCfg = Release|Any CPU
		{B357BAC7-529E-4D81-A0D2-71041B19C8DE}.Release|Win32.Build.0 = Release|Any CPU
		{B357BAC7-529E-4D81-A0D2-71041B19C8DE}.Release|x64.ActiveCfg = Release|Any CPU
		{B357BAC7-529E-4D81-A0D2-71041B19C8DE}.Release|x64.Build.0 = Release|Any CPU
		{5A66D9F6-7817-4FEC-9814-2F89744DD7D9}.Debug|Any CPU.ActiveCfg = Debug|Any CPU
		{5A66D9F6-7817-4FEC-9814-2F89744DD7D9}.Debug|Any CPU.Build.0 = Debug|Any CPU
		{5A66D9F6-7817-4FEC-9814-2F89744DD7D9}.Debug|Mixed Platforms.ActiveCfg = Debug|Any CPU
		{5A66D9F6-7817-4FEC-9814-2F89744DD7D9}.Debug|Mixed Platforms.Build.0 = Debug|Any CPU
		{5A66D9F6-7817-4FEC-9814-2F89744DD7D9}.Debug|Win32.ActiveCfg = Debug|Any CPU
		{5A66D9F6-7817-4FEC-9814-2F89744DD7D9}.Debug|Win32.Build.0 = Debug|Any CPU
		{5A66D9F6-7817-4FEC-9814-2F89744DD7D9}.Debug|x64.ActiveCfg = Debug|Any CPU
		{5A66D9F6-7817-4FEC-9814-2F89744DD7D9}.Debug|x64.Build.0 = Debug|Any CPU
		{5A66D9F6-7817-4FEC-9814-2F89744DD7D9}.Release|Any CPU.ActiveCfg = Release|Any CPU
		{5A66D9F6-7817-4FEC-9814-2F89744DD7D9}.Release|Any CPU.Build.0 = Release|Any CPU
		{5A66D9F6-7817-4FEC-9814-2F89744DD7D9}.Release|Mixed Platforms.ActiveCfg = Release|Any CPU
		{5A66D9F6-7817-4FEC-9814-2F89744DD7D9}.Release|Mixed Platforms.Build.0 = Release|Any CPU
		{5A66D9F6-7817-4FEC-9814-2F89744DD7D9}.Release|Win32.ActiveCfg = Release|Any CPU
		{5A66D9F6-7817-4FEC-9814-2F89744DD7D9}.Release|Win32.Build.0 = Release|Any CPU
		{5A66D9F6-7817-4FEC-9814-2F89744DD7D9}.Release|x64.ActiveCfg = Release|Any CPU
		{5A66D9F6-7817-4FEC-9814-2F89744DD7D9}.Release|x64.Build.0 = Release|Any CPU
		{92D51A33-7BF0-47FD-9ECE-D758FFE1691D}.Debug|Any CPU.ActiveCfg = Debug|Any CPU
		{92D51A33-7BF0-47FD-9ECE-D758FFE1691D}.Debug|Any CPU.Build.0 = Debug|Any CPU
		{92D51A33-7BF0-47FD-9ECE-D758FFE1691D}.Debug|Mixed Platforms.ActiveCfg = Debug|Any CPU
		{92D51A33-7BF0-47FD-9ECE-D758FFE1691D}.Debug|Mixed Platforms.Build.0 = Debug|Any CPU
		{92D51A33-7BF0-47FD-9ECE-D758FFE1691D}.Debug|Win32.ActiveCfg = Debug|Any CPU
		{92D51A33-7BF0-47FD-9ECE-D758FFE1691D}.Debug|Win32.Build.0 = Debug|Any CPU
		{92D51A33-7BF0-47FD-9ECE-D758FFE1691D}.Debug|x64.ActiveCfg = Debug|Any CPU
		{92D51A33-7BF0-47FD-9ECE-D758FFE1691D}.Debug|x64.Build.0 = Debug|Any CPU
		{92D51A33-7BF0-47FD-9ECE-D758FFE1691D}.Release|Any CPU.ActiveCfg = Release|Any CPU
		{92D51A33-7BF0-47FD-9ECE-D758FFE1691D}.Release|Any CPU.Build.0 = Release|Any CPU
		{92D51A33-7BF0-47FD-9ECE-D758FFE1691D}.Release|Mixed Platforms.ActiveCfg = Release|Any CPU
		{92D51A33-7BF0-47FD-9ECE-D758FFE1691D}.Release|Mixed Platforms.Build.0 = Release|Any CPU
		{92D51A33-7BF0-47FD-9ECE-D758FFE1691D}.Release|Win32.ActiveCfg = Release|Any CPU
		{92D51A33-7BF0-47FD-9ECE-D758FFE1691D}.Release|Win32.Build.0 = Release|Any CPU
		{92D51A33-7BF0-47FD-9ECE-D758FFE1691D}.Release|x64.ActiveCfg = Release|Any CPU
		{92D51A33-7BF0-47FD-9ECE-D758FFE1691D}.Release|x64.Build.0 = Release|Any CPU
		{1DA67DF2-BEDB-4E91-8291-17D7D6EA40DB}.Debug|Any CPU.ActiveCfg = Debug|Any CPU
		{1DA67DF2-BEDB-4E91-8291-17D7D6EA40DB}.Debug|Any CPU.Build.0 = Debug|Any CPU
		{1DA67DF2-BEDB-4E91-8291-17D7D6EA40DB}.Debug|Mixed Platforms.ActiveCfg = Debug|Any CPU
		{1DA67DF2-BEDB-4E91-8291-17D7D6EA40DB}.Debug|Mixed Platforms.Build.0 = Debug|Any CPU
		{1DA67DF2-BEDB-4E91-8291-17D7D6EA40DB}.Debug|Win32.ActiveCfg = Debug|Any CPU
		{1DA67DF2-BEDB-4E91-8291-17D7D6EA40DB}.Debug|Win32.Build.0 = Debug|Any CPU
		{1DA67DF2-BEDB-4E91-8291-17D7D6EA40DB}.Debug|x64.ActiveCfg = Debug|Any CPU
		{1DA67DF2-BEDB-4E91-8291-17D7D6EA40DB}.Debug|x64.Build.0 = Debug|Any CPU
		{1DA67DF2-BEDB-4E91-8291-17D7D6EA40DB}.Release|Any CPU.ActiveCfg = Release|Any CPU
		{1DA67DF2-BEDB-4E91-8291-17D7D6EA40DB}.Release|Any CPU.Build.0 = Release|Any CPU
		{1DA67DF2-BEDB-4E91-8291-17D7D6EA40DB}.Release|Mixed Platforms.ActiveCfg = Release|Any CPU
		{1DA67DF2-BEDB-4E91-8291-17D7D6EA40DB}.Release|Mixed Platforms.Build.0 = Release|Any CPU
		{1DA67DF2-BEDB-4E91-8291-17D7D6EA40DB}.Release|Win32.ActiveCfg = Release|Any CPU
		{1DA67DF2-BEDB-4E91-8291-17D7D6EA40DB}.Release|Win32.Build.0 = Release|Any CPU
		{1DA67DF2-BEDB-4E91-8291-17D7D6EA40DB}.Release|x64.ActiveCfg = Release|Any CPU
		{1DA67DF2-BEDB-4E91-8291-17D7D6EA40DB}.Release|x64.Build.0 = Release|Any CPU
		{279A5B29-3799-43FA-9734-E462E046BA81}.Debug|Any CPU.ActiveCfg = Debug|Any CPU
		{279A5B29-3799-43FA-9734-E462E046BA81}.Debug|Any CPU.Build.0 = Debug|Any CPU
		{279A5B29-3799-43FA-9734-E462E046BA81}.Debug|Mixed Platforms.ActiveCfg = Debug|Any CPU
		{279A5B29-3799-43FA-9734-E462E046BA81}.Debug|Mixed Platforms.Build.0 = Debug|Any CPU
		{279A5B29-3799-43FA-9734-E462E046BA81}.Debug|Win32.ActiveCfg = Debug|Any CPU
		{279A5B29-3799-43FA-9734-E462E046BA81}.Debug|Win32.Build.0 = Debug|Any CPU
		{279A5B29-3799-43FA-9734-E462E046BA81}.Debug|x64.ActiveCfg = Debug|Any CPU
		{279A5B29-3799-43FA-9734-E462E046BA81}.Debug|x64.Build.0 = Debug|Any CPU
		{279A5B29-3799-43FA-9734-E462E046BA81}.Release|Any CPU.ActiveCfg = Release|Any CPU
		{279A5B29-3799-43FA-9734-E462E046BA81}.Release|Any CPU.Build.0 = Release|Any CPU
		{279A5B29-3799-43FA-9734-E462E046BA81}.Release|Mixed Platforms.ActiveCfg = Release|Any CPU
		{279A5B29-3799-43FA-9734-E462E046BA81}.Release|Mixed Platforms.Build.0 = Release|Any CPU
		{279A5B29-3799-43FA-9734-E462E046BA81}.Release|Win32.ActiveCfg = Release|Any CPU
		{279A5B29-3799-43FA-9734-E462E046BA81}.Release|Win32.Build.0 = Release|Any CPU
		{279A5B29-3799-43FA-9734-E462E046BA81}.Release|x64.ActiveCfg = Release|Any CPU
		{279A5B29-3799-43FA-9734-E462E046BA81}.Release|x64.Build.0 = Release|Any CPU
		{A70B0AEE-15C4-49E1-9DC9-B936A1EBC2B5}.Debug|Any CPU.ActiveCfg = Debug|Any CPU
		{A70B0AEE-15C4-49E1-9DC9-B936A1EBC2B5}.Debug|Any CPU.Build.0 = Debug|Any CPU
		{A70B0AEE-15C4-49E1-9DC9-B936A1EBC2B5}.Debug|Mixed Platforms.ActiveCfg = Debug|Any CPU
		{A70B0AEE-15C4-49E1-9DC9-B936A1EBC2B5}.Debug|Mixed Platforms.Build.0 = Debug|Any CPU
		{A70B0AEE-15C4-49E1-9DC9-B936A1EBC2B5}.Debug|Win32.ActiveCfg = Debug|Any CPU
		{A70B0AEE-15C4-49E1-9DC9-B936A1EBC2B5}.Debug|Win32.Build.0 = Debug|Any CPU
		{A70B0AEE-15C4-49E1-9DC9-B936A1EBC2B5}.Debug|x64.ActiveCfg = Debug|Any CPU
		{A70B0AEE-15C4-49E1-9DC9-B936A1EBC2B5}.Debug|x64.Build.0 = Debug|Any CPU
		{A70B0AEE-15C4-49E1-9DC9-B936A1EBC2B5}.Release|Any CPU.ActiveCfg = Release|Any CPU
		{A70B0AEE-15C4-49E1-9DC9-B936A1EBC2B5}.Release|Any CPU.Build.0 = Release|Any CPU
		{A70B0AEE-15C4-49E1-9DC9-B936A1EBC2B5}.Release|Mixed Platforms.ActiveCfg = Release|Any CPU
		{A70B0AEE-15C4-49E1-9DC9-B936A1EBC2B5}.Release|Mixed Platforms.Build.0 = Release|Any CPU
		{A70B0AEE-15C4-49E1-9DC9-B936A1EBC2B5}.Release|Win32.ActiveCfg = Release|Any CPU
		{A70B0AEE-15C4-49E1-9DC9-B936A1EBC2B5}.Release|Win32.Build.0 = Release|Any CPU
		{A70B0AEE-15C4-49E1-9DC9-B936A1EBC2B5}.Release|x64.ActiveCfg = Release|Any CPU
		{A70B0AEE-15C4-49E1-9DC9-B936A1EBC2B5}.Release|x64.Build.0 = Release|Any CPU
		{AD369259-FE29-4832-BD46-12A6D4B181C5}.Debug|Any CPU.ActiveCfg = Debug|Any CPU
		{AD369259-FE29-4832-BD46-12A6D4B181C5}.Debug|Any CPU.Build.0 = Debug|Any CPU
		{AD369259-FE29-4832-BD46-12A6D4B181C5}.Debug|Mixed Platforms.ActiveCfg = Debug|Any CPU
		{AD369259-FE29-4832-BD46-12A6D4B181C5}.Debug|Mixed Platforms.Build.0 = Debug|Any CPU
		{AD369259-FE29-4832-BD46-12A6D4B181C5}.Debug|Win32.ActiveCfg = Debug|Any CPU
		{AD369259-FE29-4832-BD46-12A6D4B181C5}.Debug|Win32.Build.0 = Debug|Any CPU
		{AD369259-FE29-4832-BD46-12A6D4B181C5}.Debug|x64.ActiveCfg = Debug|Any CPU
		{AD369259-FE29-4832-BD46-12A6D4B181C5}.Debug|x64.Build.0 = Debug|Any CPU
		{AD369259-FE29-4832-BD46-12A6D4B181C5}.Release|Any CPU.ActiveCfg = Release|Any CPU
		{AD369259-FE29-4832-BD46-12A6D4B181C5}.Release|Any CPU.Build.0 = Release|Any CPU
		{AD369259-FE29-4832-BD46-12A6D4B181C5}.Release|Mixed Platforms.ActiveCfg = Release|Any CPU
		{AD369259-FE29-4832-BD46-12A6D4B181C5}.Release|Mixed Platforms.Build.0 = Release|Any CPU
		{AD369259-FE29-4832-BD46-12A6D4B181C5}.Release|Win32.ActiveCfg = Release|Any CPU
		{AD369259-FE29-4832-BD46-12A6D4B181C5}.Release|Win32.Build.0 = Release|Any CPU
		{AD369259-FE29-4832-BD46-12A6D4B181C5}.Release|x64.ActiveCfg = Release|Any CPU
		{AD369259-FE29-4832-BD46-12A6D4B181C5}.Release|x64.Build.0 = Release|Any CPU
		{2C35F83C-AA75-49C0-98E8-082E329B6491}.Debug|Any CPU.ActiveCfg = Debug|Any CPU
		{2C35F83C-AA75-49C0-98E8-082E329B6491}.Debug|Any CPU.Build.0 = Debug|Any CPU
		{2C35F83C-AA75-49C0-98E8-082E329B6491}.Debug|Mixed Platforms.ActiveCfg = Debug|Any CPU
		{2C35F83C-AA75-49C0-98E8-082E329B6491}.Debug|Mixed Platforms.Build.0 = Debug|Any CPU
		{2C35F83C-AA75-49C0-98E8-082E329B6491}.Debug|Win32.ActiveCfg = Debug|Any CPU
		{2C35F83C-AA75-49C0-98E8-082E329B6491}.Debug|Win32.Build.0 = Debug|Any CPU
		{2C35F83C-AA75-49C0-98E8-082E329B6491}.Debug|x64.ActiveCfg = Debug|Any CPU
		{2C35F83C-AA75-49C0-98E8-082E329B6491}.Debug|x64.Build.0 = Debug|Any CPU
		{2C35F83C-AA75-49C0-98E8-082E329B6491}.Release|Any CPU.ActiveCfg = Release|Any CPU
		{2C35F83C-AA75-49C0-98E8-082E329B6491}.Release|Any CPU.Build.0 = Release|Any CPU
		{2C35F83C-AA75-49C0-98E8-082E329B6491}.Release|Mixed Platforms.ActiveCfg = Release|Any CPU
		{2C35F83C-AA75-49C0-98E8-082E329B6491}.Release|Mixed Platforms.Build.0 = Release|Any CPU
		{2C35F83C-AA75-49C0-98E8-082E329B6491}.Release|Win32.ActiveCfg = Release|Any CPU
		{2C35F83C-AA75-49C0-98E8-082E329B6491}.Release|Win32.Build.0 = Release|Any CPU
		{2C35F83C-AA75-49C0-98E8-082E329B6491}.Release|x64.ActiveCfg = Release|Any CPU
		{2C35F83C-AA75-49C0-98E8-082E329B6491}.Release|x64.Build.0 = Release|Any CPU
		{304F63A2-55EC-43B5-BFE3-5D949BAC7C28}.Debug|Any CPU.ActiveCfg = Debug|Any CPU
		{304F63A2-55EC-43B5-BFE3-5D949BAC7C28}.Debug|Any CPU.Build.0 = Debug|Any CPU
		{304F63A2-55EC-43B5-BFE3-5D949BAC7C28}.Debug|Mixed Platforms.ActiveCfg = Debug|Any CPU
		{304F63A2-55EC-43B5-BFE3-5D949BAC7C28}.Debug|Mixed Platforms.Build.0 = Debug|Any CPU
		{304F63A2-55EC-43B5-BFE3-5D949BAC7C28}.Debug|Win32.ActiveCfg = Debug|Any CPU
		{304F63A2-55EC-43B5-BFE3-5D949BAC7C28}.Debug|Win32.Build.0 = Debug|Any CPU
		{304F63A2-55EC-43B5-BFE3-5D949BAC7C28}.Debug|x64.ActiveCfg = Debug|Any CPU
		{304F63A2-55EC-43B5-BFE3-5D949BAC7C28}.Debug|x64.Build.0 = Debug|Any CPU
		{304F63A2-55EC-43B5-BFE3-5D949BAC7C28}.Release|Any CPU.ActiveCfg = Release|Any CPU
		{304F63A2-55EC-43B5-BFE3-5D949BAC7C28}.Release|Any CPU.Build.0 = Release|Any CPU
		{304F63A2-55EC-43B5-BFE3-5D949BAC7C28}.Release|Mixed Platforms.ActiveCfg = Release|Any CPU
		{304F63A2-55EC-43B5-BFE3-5D949BAC7C28}.Release|Mixed Platforms.Build.0 = Release|Any CPU
		{304F63A2-55EC-43B5-BFE3-5D949BAC7C28}.Release|Win32.ActiveCfg = Release|Any CPU
		{304F63A2-55EC-43B5-BFE3-5D949BAC7C28}.Release|Win32.Build.0 = Release|Any CPU
		{304F63A2-55EC-43B5-BFE3-5D949BAC7C28}.Release|x64.ActiveCfg = Release|Any CPU
		{304F63A2-55EC-43B5-BFE3-5D949BAC7C28}.Release|x64.Build.0 = Release|Any CPU
		{D69B02E9-3FAF-438C-BC26-86A9451E5CDE}.Debug|Any CPU.ActiveCfg = Debug|Any CPU
		{D69B02E9-3FAF-438C-BC26-86A9451E5CDE}.Debug|Any CPU.Build.0 = Debug|Any CPU
		{D69B02E9-3FAF-438C-BC26-86A9451E5CDE}.Debug|Mixed Platforms.ActiveCfg = Debug|Any CPU
		{D69B02E9-3FAF-438C-BC26-86A9451E5CDE}.Debug|Mixed Platforms.Build.0 = Debug|Any CPU
		{D69B02E9-3FAF-438C-BC26-86A9451E5CDE}.Debug|Win32.ActiveCfg = Debug|Any CPU
		{D69B02E9-3FAF-438C-BC26-86A9451E5CDE}.Debug|Win32.Build.0 = Debug|Any CPU
		{D69B02E9-3FAF-438C-BC26-86A9451E5CDE}.Debug|x64.ActiveCfg = Debug|Any CPU
		{D69B02E9-3FAF-438C-BC26-86A9451E5CDE}.Debug|x64.Build.0 = Debug|Any CPU
		{D69B02E9-3FAF-438C-BC26-86A9451E5CDE}.Release|Any CPU.ActiveCfg = Release|Any CPU
		{D69B02E9-3FAF-438C-BC26-86A9451E5CDE}.Release|Any CPU.Build.0 = Release|Any CPU
		{D69B02E9-3FAF-438C-BC26-86A9451E5CDE}.Release|Mixed Platforms.ActiveCfg = Release|Any CPU
		{D69B02E9-3FAF-438C-BC26-86A9451E5CDE}.Release|Mixed Platforms.Build.0 = Release|Any CPU
		{D69B02E9-3FAF-438C-BC26-86A9451E5CDE}.Release|Win32.ActiveCfg = Release|Any CPU
		{D69B02E9-3FAF-438C-BC26-86A9451E5CDE}.Release|Win32.Build.0 = Release|Any CPU
		{D69B02E9-3FAF-438C-BC26-86A9451E5CDE}.Release|x64.ActiveCfg = Release|Any CPU
		{D69B02E9-3FAF-438C-BC26-86A9451E5CDE}.Release|x64.Build.0 = Release|Any CPU
		{A4B0CDCB-D1D7-4563-9888-D58E0B36D0F8}.Debug|Any CPU.ActiveCfg = Debug|Any CPU
		{A4B0CDCB-D1D7-4563-9888-D58E0B36D0F8}.Debug|Any CPU.Build.0 = Debug|Any CPU
		{A4B0CDCB-D1D7-4563-9888-D58E0B36D0F8}.Debug|Mixed Platforms.ActiveCfg = Debug|Any CPU
		{A4B0CDCB-D1D7-4563-9888-D58E0B36D0F8}.Debug|Mixed Platforms.Build.0 = Debug|Any CPU
		{A4B0CDCB-D1D7-4563-9888-D58E0B36D0F8}.Debug|Win32.ActiveCfg = Debug|Any CPU
		{A4B0CDCB-D1D7-4563-9888-D58E0B36D0F8}.Debug|Win32.Build.0 = Debug|Any CPU
		{A4B0CDCB-D1D7-4563-9888-D58E0B36D0F8}.Debug|x64.ActiveCfg = Debug|Any CPU
		{A4B0CDCB-D1D7-4563-9888-D58E0B36D0F8}.Debug|x64.Build.0 = Debug|Any CPU
		{A4B0CDCB-D1D7-4563-9888-D58E0B36D0F8}.Release|Any CPU.ActiveCfg = Release|Any CPU
		{A4B0CDCB-D1D7-4563-9888-D58E0B36D0F8}.Release|Any CPU.Build.0 = Release|Any CPU
		{A4B0CDCB-D1D7-4563-9888-D58E0B36D0F8}.Release|Mixed Platforms.ActiveCfg = Release|Any CPU
		{A4B0CDCB-D1D7-4563-9888-D58E0B36D0F8}.Release|Mixed Platforms.Build.0 = Release|Any CPU
		{A4B0CDCB-D1D7-4563-9888-D58E0B36D0F8}.Release|Win32.ActiveCfg = Release|Any CPU
		{A4B0CDCB-D1D7-4563-9888-D58E0B36D0F8}.Release|Win32.Build.0 = Release|Any CPU
		{A4B0CDCB-D1D7-4563-9888-D58E0B36D0F8}.Release|x64.ActiveCfg = Release|Any CPU
		{A4B0CDCB-D1D7-4563-9888-D58E0B36D0F8}.Release|x64.Build.0 = Release|Any CPU
		{06E84BAD-4317-41E0-AD59-31E70DB4C12C}.Debug|Any CPU.ActiveCfg = Debug|Any CPU
		{06E84BAD-4317-41E0-AD59-31E70DB4C12C}.Debug|Any CPU.Build.0 = Debug|Any CPU
		{06E84BAD-4317-41E0-AD59-31E70DB4C12C}.Debug|Mixed Platforms.ActiveCfg = Debug|Any CPU
		{06E84BAD-4317-41E0-AD59-31E70DB4C12C}.Debug|Mixed Platforms.Build.0 = Debug|Any CPU
		{06E84BAD-4317-41E0-AD59-31E70DB4C12C}.Debug|Win32.ActiveCfg = Debug|Any CPU
		{06E84BAD-4317-41E0-AD59-31E70DB4C12C}.Debug|Win32.Build.0 = Debug|Any CPU
		{06E84BAD-4317-41E0-AD59-31E70DB4C12C}.Debug|x64.ActiveCfg = Debug|Any CPU
		{06E84BAD-4317-41E0-AD59-31E70DB4C12C}.Debug|x64.Build.0 = Debug|Any CPU
		{06E84BAD-4317-41E0-AD59-31E70DB4C12C}.Release|Any CPU.ActiveCfg = Release|Any CPU
		{06E84BAD-4317-41E0-AD59-31E70DB4C12C}.Release|Any CPU.Build.0 = Release|Any CPU
		{06E84BAD-4317-41E0-AD59-31E70DB4C12C}.Release|Mixed Platforms.ActiveCfg = Release|Any CPU
		{06E84BAD-4317-41E0-AD59-31E70DB4C12C}.Release|Mixed Platforms.Build.0 = Release|Any CPU
		{06E84BAD-4317-41E0-AD59-31E70DB4C12C}.Release|Win32.ActiveCfg = Release|Any CPU
		{06E84BAD-4317-41E0-AD59-31E70DB4C12C}.Release|Win32.Build.0 = Release|Any CPU
		{06E84BAD-4317-41E0-AD59-31E70DB4C12C}.Release|x64.ActiveCfg = Release|Any CPU
		{06E84BAD-4317-41E0-AD59-31E70DB4C12C}.Release|x64.Build.0 = Release|Any CPU
		{69B58028-8F30-4D3F-8E51-DEF85C08E4CC}.Debug|Any CPU.ActiveCfg = Debug|Any CPU
		{69B58028-8F30-4D3F-8E51-DEF85C08E4CC}.Debug|Any CPU.Build.0 = Debug|Any CPU
		{69B58028-8F30-4D3F-8E51-DEF85C08E4CC}.Debug|Mixed Platforms.ActiveCfg = Debug|Any CPU
		{69B58028-8F30-4D3F-8E51-DEF85C08E4CC}.Debug|Mixed Platforms.Build.0 = Debug|Any CPU
		{69B58028-8F30-4D3F-8E51-DEF85C08E4CC}.Debug|Win32.ActiveCfg = Debug|Any CPU
		{69B58028-8F30-4D3F-8E51-DEF85C08E4CC}.Debug|Win32.Build.0 = Debug|Any CPU
		{69B58028-8F30-4D3F-8E51-DEF85C08E4CC}.Debug|x64.ActiveCfg = Debug|Any CPU
		{69B58028-8F30-4D3F-8E51-DEF85C08E4CC}.Debug|x64.Build.0 = Debug|Any CPU
		{69B58028-8F30-4D3F-8E51-DEF85C08E4CC}.Release|Any CPU.ActiveCfg = Release|Any CPU
		{69B58028-8F30-4D3F-8E51-DEF85C08E4CC}.Release|Any CPU.Build.0 = Release|Any CPU
		{69B58028-8F30-4D3F-8E51-DEF85C08E4CC}.Release|Mixed Platforms.ActiveCfg = Release|Any CPU
		{69B58028-8F30-4D3F-8E51-DEF85C08E4CC}.Release|Mixed Platforms.Build.0 = Release|Any CPU
		{69B58028-8F30-4D3F-8E51-DEF85C08E4CC}.Release|Win32.ActiveCfg = Release|Any CPU
		{69B58028-8F30-4D3F-8E51-DEF85C08E4CC}.Release|Win32.Build.0 = Release|Any CPU
		{69B58028-8F30-4D3F-8E51-DEF85C08E4CC}.Release|x64.ActiveCfg = Release|Any CPU
		{69B58028-8F30-4D3F-8E51-DEF85C08E4CC}.Release|x64.Build.0 = Release|Any CPU
		{DA54E8C4-73D8-4F1A-BE84-0D548B77A2C0}.Debug|Any CPU.ActiveCfg = Debug|Any CPU
		{DA54E8C4-73D8-4F1A-BE84-0D548B77A2C0}.Debug|Any CPU.Build.0 = Debug|Any CPU
		{DA54E8C4-73D8-4F1A-BE84-0D548B77A2C0}.Debug|Mixed Platforms.ActiveCfg = Debug|Any CPU
		{DA54E8C4-73D8-4F1A-BE84-0D548B77A2C0}.Debug|Mixed Platforms.Build.0 = Debug|Any CPU
		{DA54E8C4-73D8-4F1A-BE84-0D548B77A2C0}.Debug|Win32.ActiveCfg = Debug|Any CPU
		{DA54E8C4-73D8-4F1A-BE84-0D548B77A2C0}.Debug|Win32.Build.0 = Debug|Any CPU
		{DA54E8C4-73D8-4F1A-BE84-0D548B77A2C0}.Debug|x64.ActiveCfg = Debug|Any CPU
		{DA54E8C4-73D8-4F1A-BE84-0D548B77A2C0}.Debug|x64.Build.0 = Debug|Any CPU
		{DA54E8C4-73D8-4F1A-BE84-0D548B77A2C0}.Release|Any CPU.ActiveCfg = Release|Any CPU
		{DA54E8C4-73D8-4F1A-BE84-0D548B77A2C0}.Release|Any CPU.Build.0 = Release|Any CPU
		{DA54E8C4-73D8-4F1A-BE84-0D548B77A2C0}.Release|Mixed Platforms.ActiveCfg = Release|Any CPU
		{DA54E8C4-73D8-4F1A-BE84-0D548B77A2C0}.Release|Mixed Platforms.Build.0 = Release|Any CPU
		{DA54E8C4-73D8-4F1A-BE84-0D548B77A2C0}.Release|Win32.ActiveCfg = Release|Any CPU
		{DA54E8C4-73D8-4F1A-BE84-0D548B77A2C0}.Release|Win32.Build.0 = Release|Any CPU
		{DA54E8C4-73D8-4F1A-BE84-0D548B77A2C0}.Release|x64.ActiveCfg = Release|Any CPU
		{DA54E8C4-73D8-4F1A-BE84-0D548B77A2C0}.Release|x64.Build.0 = Release|Any CPU
		{27C2F4A0-AF83-40F7-B1C8-79344578F3EC}.Debug|Any CPU.ActiveCfg = Debug|Any CPU
		{27C2F4A0-AF83-40F7-B1C8-79344578F3EC}.Debug|Any CPU.Build.0 = Debug|Any CPU
		{27C2F4A0-AF83-40F7-B1C8-79344578F3EC}.Debug|Mixed Platforms.ActiveCfg = Debug|Any CPU
		{27C2F4A0-AF83-40F7-B1C8-79344578F3EC}.Debug|Mixed Platforms.Build.0 = Debug|Any CPU
		{27C2F4A0-AF83-40F7-B1C8-79344578F3EC}.Debug|Win32.ActiveCfg = Debug|Any CPU
		{27C2F4A0-AF83-40F7-B1C8-79344578F3EC}.Debug|Win32.Build.0 = Debug|Any CPU
		{27C2F4A0-AF83-40F7-B1C8-79344578F3EC}.Debug|x64.ActiveCfg = Debug|Any CPU
		{27C2F4A0-AF83-40F7-B1C8-79344578F3EC}.Debug|x64.Build.0 = Debug|Any CPU
		{27C2F4A0-AF83-40F7-B1C8-79344578F3EC}.Release|Any CPU.ActiveCfg = Release|Any CPU
		{27C2F4A0-AF83-40F7-B1C8-79344578F3EC}.Release|Any CPU.Build.0 = Release|Any CPU
		{27C2F4A0-AF83-40F7-B1C8-79344578F3EC}.Release|Mixed Platforms.ActiveCfg = Release|Any CPU
		{27C2F4A0-AF83-40F7-B1C8-79344578F3EC}.Release|Mixed Platforms.Build.0 = Release|Any CPU
		{27C2F4A0-AF83-40F7-B1C8-79344578F3EC}.Release|Win32.ActiveCfg = Release|Any CPU
		{27C2F4A0-AF83-40F7-B1C8-79344578F3EC}.Release|Win32.Build.0 = Release|Any CPU
		{27C2F4A0-AF83-40F7-B1C8-79344578F3EC}.Release|x64.ActiveCfg = Release|Any CPU
		{27C2F4A0-AF83-40F7-B1C8-79344578F3EC}.Release|x64.Build.0 = Release|Any CPU
		{DB7AC204-7B8C-4FA4-8D8C-DC133E534D8A}.Debug|Any CPU.ActiveCfg = Debug|Any CPU
		{DB7AC204-7B8C-4FA4-8D8C-DC133E534D8A}.Debug|Any CPU.Build.0 = Debug|Any CPU
		{DB7AC204-7B8C-4FA4-8D8C-DC133E534D8A}.Debug|Mixed Platforms.ActiveCfg = Debug|Any CPU
		{DB7AC204-7B8C-4FA4-8D8C-DC133E534D8A}.Debug|Mixed Platforms.Build.0 = Debug|Any CPU
		{DB7AC204-7B8C-4FA4-8D8C-DC133E534D8A}.Debug|Win32.ActiveCfg = Debug|Any CPU
		{DB7AC204-7B8C-4FA4-8D8C-DC133E534D8A}.Debug|Win32.Build.0 = Debug|Any CPU
		{DB7AC204-7B8C-4FA4-8D8C-DC133E534D8A}.Debug|x64.ActiveCfg = Debug|Any CPU
		{DB7AC204-7B8C-4FA4-8D8C-DC133E534D8A}.Debug|x64.Build.0 = Debug|Any CPU
		{DB7AC204-7B8C-4FA4-8D8C-DC133E534D8A}.Release|Any CPU.ActiveCfg = Release|Any CPU
		{DB7AC204-7B8C-4FA4-8D8C-DC133E534D8A}.Release|Any CPU.Build.0 = Release|Any CPU
		{DB7AC204-7B8C-4FA4-8D8C-DC133E534D8A}.Release|Mixed Platforms.ActiveCfg = Release|Any CPU
		{DB7AC204-7B8C-4FA4-8D8C-DC133E534D8A}.Release|Mixed Platforms.Build.0 = Release|Any CPU
		{DB7AC204-7B8C-4FA4-8D8C-DC133E534D8A}.Release|Win32.ActiveCfg = Release|Any CPU
		{DB7AC204-7B8C-4FA4-8D8C-DC133E534D8A}.Release|Win32.Build.0 = Release|Any CPU
		{DB7AC204-7B8C-4FA4-8D8C-DC133E534D8A}.Release|x64.ActiveCfg = Release|Any CPU
		{DB7AC204-7B8C-4FA4-8D8C-DC133E534D8A}.Release|x64.Build.0 = Release|Any CPU
		{059E2CA2-85C5-453E-A48C-ADA45A3C5879}.Debug|Any CPU.ActiveCfg = Debug|Any CPU
		{059E2CA2-85C5-453E-A48C-ADA45A3C5879}.Debug|Any CPU.Build.0 = Debug|Any CPU
		{059E2CA2-85C5-453E-A48C-ADA45A3C5879}.Debug|Mixed Platforms.ActiveCfg = Debug|Any CPU
		{059E2CA2-85C5-453E-A48C-ADA45A3C5879}.Debug|Mixed Platforms.Build.0 = Debug|Any CPU
		{059E2CA2-85C5-453E-A48C-ADA45A3C5879}.Debug|Win32.ActiveCfg = Debug|Any CPU
		{059E2CA2-85C5-453E-A48C-ADA45A3C5879}.Debug|Win32.Build.0 = Debug|Any CPU
		{059E2CA2-85C5-453E-A48C-ADA45A3C5879}.Debug|x64.ActiveCfg = Debug|Any CPU
		{059E2CA2-85C5-453E-A48C-ADA45A3C5879}.Debug|x64.Build.0 = Debug|Any CPU
		{059E2CA2-85C5-453E-A48C-ADA45A3C5879}.Release|Any CPU.ActiveCfg = Release|Any CPU
		{059E2CA2-85C5-453E-A48C-ADA45A3C5879}.Release|Any CPU.Build.0 = Release|Any CPU
		{059E2CA2-85C5-453E-A48C-ADA45A3C5879}.Release|Mixed Platforms.ActiveCfg = Release|Any CPU
		{059E2CA2-85C5-453E-A48C-ADA45A3C5879}.Release|Mixed Platforms.Build.0 = Release|Any CPU
		{059E2CA2-85C5-453E-A48C-ADA45A3C5879}.Release|Win32.ActiveCfg = Release|Any CPU
		{059E2CA2-85C5-453E-A48C-ADA45A3C5879}.Release|Win32.Build.0 = Release|Any CPU
		{059E2CA2-85C5-453E-A48C-ADA45A3C5879}.Release|x64.ActiveCfg = Release|Any CPU
		{059E2CA2-85C5-453E-A48C-ADA45A3C5879}.Release|x64.Build.0 = Release|Any CPU
		{8B382C65-FC83-43BD-AE16-F06C26A24786}.Debug|Any CPU.ActiveCfg = Debug|Any CPU
		{8B382C65-FC83-43BD-AE16-F06C26A24786}.Debug|Any CPU.Build.0 = Debug|Any CPU
		{8B382C65-FC83-43BD-AE16-F06C26A24786}.Debug|Mixed Platforms.ActiveCfg = Debug|Any CPU
		{8B382C65-FC83-43BD-AE16-F06C26A24786}.Debug|Mixed Platforms.Build.0 = Debug|Any CPU
		{8B382C65-FC83-43BD-AE16-F06C26A24786}.Debug|Win32.ActiveCfg = Debug|Any CPU
		{8B382C65-FC83-43BD-AE16-F06C26A24786}.Debug|Win32.Build.0 = Debug|Any CPU
		{8B382C65-FC83-43BD-AE16-F06C26A24786}.Debug|x64.ActiveCfg = Debug|Any CPU
		{8B382C65-FC83-43BD-AE16-F06C26A24786}.Debug|x64.Build.0 = Debug|Any CPU
		{8B382C65-FC83-43BD-AE16-F06C26A24786}.Release|Any CPU.ActiveCfg = Release|Any CPU
		{8B382C65-FC83-43BD-AE16-F06C26A24786}.Release|Any CPU.Build.0 = Release|Any CPU
		{8B382C65-FC83-43BD-AE16-F06C26A24786}.Release|Mixed Platforms.ActiveCfg = Release|Any CPU
		{8B382C65-FC83-43BD-AE16-F06C26A24786}.Release|Mixed Platforms.Build.0 = Release|Any CPU
		{8B382C65-FC83-43BD-AE16-F06C26A24786}.Release|Win32.ActiveCfg = Release|Any CPU
		{8B382C65-FC83-43BD-AE16-F06C26A24786}.Release|Win32.Build.0 = Release|Any CPU
		{8B382C65-FC83-43BD-AE16-F06C26A24786}.Release|x64.ActiveCfg = Release|Any CPU
		{8B382C65-FC83-43BD-AE16-F06C26A24786}.Release|x64.Build.0 = Release|Any CPU
		{6EC1BCE3-087E-4DC7-BF93-24445F853F69}.Debug|Any CPU.ActiveCfg = Debug|Any CPU
		{6EC1BCE3-087E-4DC7-BF93-24445F853F69}.Debug|Any CPU.Build.0 = Debug|Any CPU
		{6EC1BCE3-087E-4DC7-BF93-24445F853F69}.Debug|Mixed Platforms.ActiveCfg = Debug|Any CPU
		{6EC1BCE3-087E-4DC7-BF93-24445F853F69}.Debug|Mixed Platforms.Build.0 = Debug|Any CPU
		{6EC1BCE3-087E-4DC7-BF93-24445F853F69}.Debug|Win32.ActiveCfg = Debug|Any CPU
		{6EC1BCE3-087E-4DC7-BF93-24445F853F69}.Debug|Win32.Build.0 = Debug|Any CPU
		{6EC1BCE3-087E-4DC7-BF93-24445F853F69}.Debug|x64.ActiveCfg = Debug|Any CPU
		{6EC1BCE3-087E-4DC7-BF93-24445F853F69}.Debug|x64.Build.0 = Debug|Any CPU
		{6EC1BCE3-087E-4DC7-BF93-24445F853F69}.Release|Any CPU.ActiveCfg = Release|Any CPU
		{6EC1BCE3-087E-4DC7-BF93-24445F853F69}.Release|Any CPU.Build.0 = Release|Any CPU
		{6EC1BCE3-087E-4DC7-BF93-24445F853F69}.Release|Mixed Platforms.ActiveCfg = Release|Any CPU
		{6EC1BCE3-087E-4DC7-BF93-24445F853F69}.Release|Mixed Platforms.Build.0 = Release|Any CPU
		{6EC1BCE3-087E-4DC7-BF93-24445F853F69}.Release|Win32.ActiveCfg = Release|Any CPU
		{6EC1BCE3-087E-4DC7-BF93-24445F853F69}.Release|Win32.Build.0 = Release|Any CPU
		{6EC1BCE3-087E-4DC7-BF93-24445F853F69}.Release|x64.ActiveCfg = Release|Any CPU
		{6EC1BCE3-087E-4DC7-BF93-24445F853F69}.Release|x64.Build.0 = Release|Any CPU
		{847398E0-2E35-4A85-8C70-0B40AA172ABA}.Debug|Any CPU.ActiveCfg = Debug|Any CPU
		{847398E0-2E35-4A85-8C70-0B40AA172ABA}.Debug|Any CPU.Build.0 = Debug|Any CPU
		{847398E0-2E35-4A85-8C70-0B40AA172ABA}.Debug|Mixed Platforms.ActiveCfg = Debug|Any CPU
		{847398E0-2E35-4A85-8C70-0B40AA172ABA}.Debug|Mixed Platforms.Build.0 = Debug|Any CPU
		{847398E0-2E35-4A85-8C70-0B40AA172ABA}.Debug|Win32.ActiveCfg = Debug|Any CPU
		{847398E0-2E35-4A85-8C70-0B40AA172ABA}.Debug|Win32.Build.0 = Debug|Any CPU
		{847398E0-2E35-4A85-8C70-0B40AA172ABA}.Debug|x64.ActiveCfg = Debug|Any CPU
		{847398E0-2E35-4A85-8C70-0B40AA172ABA}.Debug|x64.Build.0 = Debug|Any CPU
		{847398E0-2E35-4A85-8C70-0B40AA172ABA}.Release|Any CPU.ActiveCfg = Release|Any CPU
		{847398E0-2E35-4A85-8C70-0B40AA172ABA}.Release|Any CPU.Build.0 = Release|Any CPU
		{847398E0-2E35-4A85-8C70-0B40AA172ABA}.Release|Mixed Platforms.ActiveCfg = Release|Any CPU
		{847398E0-2E35-4A85-8C70-0B40AA172ABA}.Release|Mixed Platforms.Build.0 = Release|Any CPU
		{847398E0-2E35-4A85-8C70-0B40AA172ABA}.Release|Win32.ActiveCfg = Release|Any CPU
		{847398E0-2E35-4A85-8C70-0B40AA172ABA}.Release|Win32.Build.0 = Release|Any CPU
		{847398E0-2E35-4A85-8C70-0B40AA172ABA}.Release|x64.ActiveCfg = Release|Any CPU
		{847398E0-2E35-4A85-8C70-0B40AA172ABA}.Release|x64.Build.0 = Release|Any CPU
		{9279833C-95C4-4692-8D5A-22D200B60043}.Debug|Any CPU.ActiveCfg = Debug|Any CPU
		{9279833C-95C4-4692-8D5A-22D200B60043}.Debug|Any CPU.Build.0 = Debug|Any CPU
		{9279833C-95C4-4692-8D5A-22D200B60043}.Debug|Mixed Platforms.ActiveCfg = Debug|Any CPU
		{9279833C-95C4-4692-8D5A-22D200B60043}.Debug|Mixed Platforms.Build.0 = Debug|Any CPU
		{9279833C-95C4-4692-8D5A-22D200B60043}.Debug|Win32.ActiveCfg = Debug|Any CPU
		{9279833C-95C4-4692-8D5A-22D200B60043}.Debug|Win32.Build.0 = Debug|Any CPU
		{9279833C-95C4-4692-8D5A-22D200B60043}.Debug|x64.ActiveCfg = Debug|Any CPU
		{9279833C-95C4-4692-8D5A-22D200B60043}.Debug|x64.Build.0 = Debug|Any CPU
		{9279833C-95C4-4692-8D5A-22D200B60043}.Release|Any CPU.ActiveCfg = Release|Any CPU
		{9279833C-95C4-4692-8D5A-22D200B60043}.Release|Any CPU.Build.0 = Release|Any CPU
		{9279833C-95C4-4692-8D5A-22D200B60043}.Release|Mixed Platforms.ActiveCfg = Release|Any CPU
		{9279833C-95C4-4692-8D5A-22D200B60043}.Release|Mixed Platforms.Build.0 = Release|Any CPU
		{9279833C-95C4-4692-8D5A-22D200B60043}.Release|Win32.ActiveCfg = Release|Any CPU
		{9279833C-95C4-4692-8D5A-22D200B60043}.Release|Win32.Build.0 = Release|Any CPU
		{9279833C-95C4-4692-8D5A-22D200B60043}.Release|x64.ActiveCfg = Release|Any CPU
		{9279833C-95C4-4692-8D5A-22D200B60043}.Release|x64.Build.0 = Release|Any CPU
		{1B00711A-2CA2-49C0-A9FD-8BF9E478E3B0}.Debug|Any CPU.ActiveCfg = Debug|Any CPU
		{1B00711A-2CA2-49C0-A9FD-8BF9E478E3B0}.Debug|Any CPU.Build.0 = Debug|Any CPU
		{1B00711A-2CA2-49C0-A9FD-8BF9E478E3B0}.Debug|Mixed Platforms.ActiveCfg = Debug|Any CPU
		{1B00711A-2CA2-49C0-A9FD-8BF9E478E3B0}.Debug|Mixed Platforms.Build.0 = Debug|Any CPU
		{1B00711A-2CA2-49C0-A9FD-8BF9E478E3B0}.Debug|Win32.ActiveCfg = Debug|Any CPU
		{1B00711A-2CA2-49C0-A9FD-8BF9E478E3B0}.Debug|Win32.Build.0 = Debug|Any CPU
		{1B00711A-2CA2-49C0-A9FD-8BF9E478E3B0}.Debug|x64.ActiveCfg = Debug|Any CPU
		{1B00711A-2CA2-49C0-A9FD-8BF9E478E3B0}.Debug|x64.Build.0 = Debug|Any CPU
		{1B00711A-2CA2-49C0-A9FD-8BF9E478E3B0}.Release|Any CPU.ActiveCfg = Release|Any CPU
		{1B00711A-2CA2-49C0-A9FD-8BF9E478E3B0}.Release|Any CPU.Build.0 = Release|Any CPU
		{1B00711A-2CA2-49C0-A9FD-8BF9E478E3B0}.Release|Mixed Platforms.ActiveCfg = Release|Any CPU
		{1B00711A-2CA2-49C0-A9FD-8BF9E478E3B0}.Release|Mixed Platforms.Build.0 = Release|Any CPU
		{1B00711A-2CA2-49C0-A9FD-8BF9E478E3B0}.Release|Win32.ActiveCfg = Release|Any CPU
		{1B00711A-2CA2-49C0-A9FD-8BF9E478E3B0}.Release|Win32.Build.0 = Release|Any CPU
		{1B00711A-2CA2-49C0-A9FD-8BF9E478E3B0}.Release|x64.ActiveCfg = Release|Any CPU
		{1B00711A-2CA2-49C0-A9FD-8BF9E478E3B0}.Release|x64.Build.0 = Release|Any CPU
		{A95EE45C-D188-46E8-91F6-2CF858420BB5}.Debug|Any CPU.ActiveCfg = Debug|Any CPU
		{A95EE45C-D188-46E8-91F6-2CF858420BB5}.Debug|Any CPU.Build.0 = Debug|Any CPU
		{A95EE45C-D188-46E8-91F6-2CF858420BB5}.Debug|Mixed Platforms.ActiveCfg = Debug|Any CPU
		{A95EE45C-D188-46E8-91F6-2CF858420BB5}.Debug|Mixed Platforms.Build.0 = Debug|Any CPU
		{A95EE45C-D188-46E8-91F6-2CF858420BB5}.Debug|Win32.ActiveCfg = Debug|Any CPU
		{A95EE45C-D188-46E8-91F6-2CF858420BB5}.Debug|Win32.Build.0 = Debug|Any CPU
		{A95EE45C-D188-46E8-91F6-2CF858420BB5}.Debug|x64.ActiveCfg = Debug|Any CPU
		{A95EE45C-D188-46E8-91F6-2CF858420BB5}.Debug|x64.Build.0 = Debug|Any CPU
		{A95EE45C-D188-46E8-91F6-2CF858420BB5}.Release|Any CPU.ActiveCfg = Release|Any CPU
		{A95EE45C-D188-46E8-91F6-2CF858420BB5}.Release|Any CPU.Build.0 = Release|Any CPU
		{A95EE45C-D188-46E8-91F6-2CF858420BB5}.Release|Mixed Platforms.ActiveCfg = Release|Any CPU
		{A95EE45C-D188-46E8-91F6-2CF858420BB5}.Release|Mixed Platforms.Build.0 = Release|Any CPU
		{A95EE45C-D188-46E8-91F6-2CF858420BB5}.Release|Win32.ActiveCfg = Release|Any CPU
		{A95EE45C-D188-46E8-91F6-2CF858420BB5}.Release|Win32.Build.0 = Release|Any CPU
		{A95EE45C-D188-46E8-91F6-2CF858420BB5}.Release|x64.ActiveCfg = Release|Any CPU
		{A95EE45C-D188-46E8-91F6-2CF858420BB5}.Release|x64.Build.0 = Release|Any CPU
		{0E9D874E-5354-465E-9EC3-F7A35C268A8A}.Debug|Any CPU.ActiveCfg = Debug|Any CPU
		{0E9D874E-5354-465E-9EC3-F7A35C268A8A}.Debug|Any CPU.Build.0 = Debug|Any CPU
		{0E9D874E-5354-465E-9EC3-F7A35C268A8A}.Debug|Mixed Platforms.ActiveCfg = Debug|Any CPU
		{0E9D874E-5354-465E-9EC3-F7A35C268A8A}.Debug|Mixed Platforms.Build.0 = Debug|Any CPU
		{0E9D874E-5354-465E-9EC3-F7A35C268A8A}.Debug|Win32.ActiveCfg = Debug|Any CPU
		{0E9D874E-5354-465E-9EC3-F7A35C268A8A}.Debug|Win32.Build.0 = Debug|Any CPU
		{0E9D874E-5354-465E-9EC3-F7A35C268A8A}.Debug|x64.ActiveCfg = Debug|Any CPU
		{0E9D874E-5354-465E-9EC3-F7A35C268A8A}.Debug|x64.Build.0 = Debug|Any CPU
		{0E9D874E-5354-465E-9EC3-F7A35C268A8A}.Release|Any CPU.ActiveCfg = Release|Any CPU
		{0E9D874E-5354-465E-9EC3-F7A35C268A8A}.Release|Any CPU.Build.0 = Release|Any CPU
		{0E9D874E-5354-465E-9EC3-F7A35C268A8A}.Release|Mixed Platforms.ActiveCfg = Release|Any CPU
		{0E9D874E-5354-465E-9EC3-F7A35C268A8A}.Release|Mixed Platforms.Build.0 = Release|Any CPU
		{0E9D874E-5354-465E-9EC3-F7A35C268A8A}.Release|Win32.ActiveCfg = Release|Any CPU
		{0E9D874E-5354-465E-9EC3-F7A35C268A8A}.Release|Win32.Build.0 = Release|Any CPU
		{0E9D874E-5354-465E-9EC3-F7A35C268A8A}.Release|x64.ActiveCfg = Release|Any CPU
		{0E9D874E-5354-465E-9EC3-F7A35C268A8A}.Release|x64.Build.0 = Release|Any CPU
		{9E106E41-0813-489D-A1B5-85ED434F2C3E}.Debug|Any CPU.ActiveCfg = Debug|Any CPU
		{9E106E41-0813-489D-A1B5-85ED434F2C3E}.Debug|Any CPU.Build.0 = Debug|Any CPU
		{9E106E41-0813-489D-A1B5-85ED434F2C3E}.Debug|Mixed Platforms.ActiveCfg = Debug|Any CPU
		{9E106E41-0813-489D-A1B5-85ED434F2C3E}.Debug|Mixed Platforms.Build.0 = Debug|Any CPU
		{9E106E41-0813-489D-A1B5-85ED434F2C3E}.Debug|Win32.ActiveCfg = Debug|Any CPU
		{9E106E41-0813-489D-A1B5-85ED434F2C3E}.Debug|Win32.Build.0 = Debug|Any CPU
		{9E106E41-0813-489D-A1B5-85ED434F2C3E}.Debug|x64.ActiveCfg = Debug|Any CPU
		{9E106E41-0813-489D-A1B5-85ED434F2C3E}.Debug|x64.Build.0 = Debug|Any CPU
		{9E106E41-0813-489D-A1B5-85ED434F2C3E}.Release|Any CPU.ActiveCfg = Release|Any CPU
		{9E106E41-0813-489D-A1B5-85ED434F2C3E}.Release|Any CPU.Build.0 = Release|Any CPU
		{9E106E41-0813-489D-A1B5-85ED434F2C3E}.Release|Mixed Platforms.ActiveCfg = Release|Any CPU
		{9E106E41-0813-489D-A1B5-85ED434F2C3E}.Release|Mixed Platforms.Build.0 = Release|Any CPU
		{9E106E41-0813-489D-A1B5-85ED434F2C3E}.Release|Win32.ActiveCfg = Release|Any CPU
		{9E106E41-0813-489D-A1B5-85ED434F2C3E}.Release|Win32.Build.0 = Release|Any CPU
		{9E106E41-0813-489D-A1B5-85ED434F2C3E}.Release|x64.ActiveCfg = Release|Any CPU
		{9E106E41-0813-489D-A1B5-85ED434F2C3E}.Release|x64.Build.0 = Release|Any CPU
		{BA2F08D2-DABD-4C2E-82B1-E1E5A3725911}.Debug|Any CPU.ActiveCfg = Debug|Any CPU
		{BA2F08D2-DABD-4C2E-82B1-E1E5A3725911}.Debug|Any CPU.Build.0 = Debug|Any CPU
		{BA2F08D2-DABD-4C2E-82B1-E1E5A3725911}.Debug|Mixed Platforms.ActiveCfg = Debug|Any CPU
		{BA2F08D2-DABD-4C2E-82B1-E1E5A3725911}.Debug|Mixed Platforms.Build.0 = Debug|Any CPU
		{BA2F08D2-DABD-4C2E-82B1-E1E5A3725911}.Debug|Win32.ActiveCfg = Debug|Any CPU
		{BA2F08D2-DABD-4C2E-82B1-E1E5A3725911}.Debug|Win32.Build.0 = Debug|Any CPU
		{BA2F08D2-DABD-4C2E-82B1-E1E5A3725911}.Debug|x64.ActiveCfg = Debug|Any CPU
		{BA2F08D2-DABD-4C2E-82B1-E1E5A3725911}.Debug|x64.Build.0 = Debug|Any CPU
		{BA2F08D2-DABD-4C2E-82B1-E1E5A3725911}.Release|Any CPU.ActiveCfg = Release|Any CPU
		{BA2F08D2-DABD-4C2E-82B1-E1E5A3725911}.Release|Any CPU.Build.0 = Release|Any CPU
		{BA2F08D2-DABD-4C2E-82B1-E1E5A3725911}.Release|Mixed Platforms.ActiveCfg = Release|Any CPU
		{BA2F08D2-DABD-4C2E-82B1-E1E5A3725911}.Release|Mixed Platforms.Build.0 = Release|Any CPU
		{BA2F08D2-DABD-4C2E-82B1-E1E5A3725911}.Release|Win32.ActiveCfg = Release|Any CPU
		{BA2F08D2-DABD-4C2E-82B1-E1E5A3725911}.Release|Win32.Build.0 = Release|Any CPU
		{BA2F08D2-DABD-4C2E-82B1-E1E5A3725911}.Release|x64.ActiveCfg = Release|Any CPU
		{BA2F08D2-DABD-4C2E-82B1-E1E5A3725911}.Release|x64.Build.0 = Release|Any CPU
		{436FA350-A15C-433B-881B-6892B34A4C0D}.Debug|Any CPU.ActiveCfg = Debug|Any CPU
		{436FA350-A15C-433B-881B-6892B34A4C0D}.Debug|Any CPU.Build.0 = Debug|Any CPU
		{436FA350-A15C-433B-881B-6892B34A4C0D}.Debug|Mixed Platforms.ActiveCfg = Debug|Any CPU
		{436FA350-A15C-433B-881B-6892B34A4C0D}.Debug|Mixed Platforms.Build.0 = Debug|Any CPU
		{436FA350-A15C-433B-881B-6892B34A4C0D}.Debug|Win32.ActiveCfg = Debug|Any CPU
		{436FA350-A15C-433B-881B-6892B34A4C0D}.Debug|Win32.Build.0 = Debug|Any CPU
		{436FA350-A15C-433B-881B-6892B34A4C0D}.Debug|x64.ActiveCfg = Debug|Any CPU
		{436FA350-A15C-433B-881B-6892B34A4C0D}.Debug|x64.Build.0 = Debug|Any CPU
		{436FA350-A15C-433B-881B-6892B34A4C0D}.Release|Any CPU.ActiveCfg = Release|Any CPU
		{436FA350-A15C-433B-881B-6892B34A4C0D}.Release|Any CPU.Build.0 = Release|Any CPU
		{436FA350-A15C-433B-881B-6892B34A4C0D}.Release|Mixed Platforms.ActiveCfg = Release|Any CPU
		{436FA350-A15C-433B-881B-6892B34A4C0D}.Release|Mixed Platforms.Build.0 = Release|Any CPU
		{436FA350-A15C-433B-881B-6892B34A4C0D}.Release|Win32.ActiveCfg = Release|Any CPU
		{436FA350-A15C-433B-881B-6892B34A4C0D}.Release|Win32.Build.0 = Release|Any CPU
		{436FA350-A15C-433B-881B-6892B34A4C0D}.Release|x64.ActiveCfg = Release|Any CPU
		{436FA350-A15C-433B-881B-6892B34A4C0D}.Release|x64.Build.0 = Release|Any CPU
		{5F994AD1-02A2-4A00-90CA-5CD5943FD24A}.Debug|Any CPU.ActiveCfg = Debug|Any CPU
		{5F994AD1-02A2-4A00-90CA-5CD5943FD24A}.Debug|Any CPU.Build.0 = Debug|Any CPU
		{5F994AD1-02A2-4A00-90CA-5CD5943FD24A}.Debug|Mixed Platforms.ActiveCfg = Debug|Any CPU
		{5F994AD1-02A2-4A00-90CA-5CD5943FD24A}.Debug|Mixed Platforms.Build.0 = Debug|Any CPU
		{5F994AD1-02A2-4A00-90CA-5CD5943FD24A}.Debug|Win32.ActiveCfg = Debug|Any CPU
		{5F994AD1-02A2-4A00-90CA-5CD5943FD24A}.Debug|Win32.Build.0 = Debug|Any CPU
		{5F994AD1-02A2-4A00-90CA-5CD5943FD24A}.Debug|x64.ActiveCfg = Debug|Any CPU
		{5F994AD1-02A2-4A00-90CA-5CD5943FD24A}.Debug|x64.Build.0 = Debug|Any CPU
		{5F994AD1-02A2-4A00-90CA-5CD5943FD24A}.Release|Any CPU.ActiveCfg = Release|Any CPU
		{5F994AD1-02A2-4A00-90CA-5CD5943FD24A}.Release|Any CPU.Build.0 = Release|Any CPU
		{5F994AD1-02A2-4A00-90CA-5CD5943FD24A}.Release|Mixed Platforms.ActiveCfg = Release|Any CPU
		{5F994AD1-02A2-4A00-90CA-5CD5943FD24A}.Release|Mixed Platforms.Build.0 = Release|Any CPU
		{5F994AD1-02A2-4A00-90CA-5CD5943FD24A}.Release|Win32.ActiveCfg = Release|Any CPU
		{5F994AD1-02A2-4A00-90CA-5CD5943FD24A}.Release|Win32.Build.0 = Release|Any CPU
		{5F994AD1-02A2-4A00-90CA-5CD5943FD24A}.Release|x64.ActiveCfg = Release|Any CPU
		{5F994AD1-02A2-4A00-90CA-5CD5943FD24A}.Release|x64.Build.0 = Release|Any CPU
		{EAF24224-609F-4E33-806A-D81C9660168F}.Debug|Any CPU.ActiveCfg = Debug|Any CPU
		{EAF24224-609F-4E33-806A-D81C9660168F}.Debug|Any CPU.Build.0 = Debug|Any CPU
		{EAF24224-609F-4E33-806A-D81C9660168F}.Debug|Mixed Platforms.ActiveCfg = Debug|Any CPU
		{EAF24224-609F-4E33-806A-D81C9660168F}.Debug|Mixed Platforms.Build.0 = Debug|Any CPU
		{EAF24224-609F-4E33-806A-D81C9660168F}.Debug|Win32.ActiveCfg = Debug|Any CPU
		{EAF24224-609F-4E33-806A-D81C9660168F}.Debug|Win32.Build.0 = Debug|Any CPU
		{EAF24224-609F-4E33-806A-D81C9660168F}.Debug|x64.ActiveCfg = Debug|Any CPU
		{EAF24224-609F-4E33-806A-D81C9660168F}.Debug|x64.Build.0 = Debug|Any CPU
		{EAF24224-609F-4E33-806A-D81C9660168F}.Release|Any CPU.ActiveCfg = Release|Any CPU
		{EAF24224-609F-4E33-806A-D81C9660168F}.Release|Any CPU.Build.0 = Release|Any CPU
		{EAF24224-609F-4E33-806A-D81C9660168F}.Release|Mixed Platforms.ActiveCfg = Release|Any CPU
		{EAF24224-609F-4E33-806A-D81C9660168F}.Release|Mixed Platforms.Build.0 = Release|Any CPU
		{EAF24224-609F-4E33-806A-D81C9660168F}.Release|Win32.ActiveCfg = Release|Any CPU
		{EAF24224-609F-4E33-806A-D81C9660168F}.Release|Win32.Build.0 = Release|Any CPU
		{EAF24224-609F-4E33-806A-D81C9660168F}.Release|x64.ActiveCfg = Release|Any CPU
		{EAF24224-609F-4E33-806A-D81C9660168F}.Release|x64.Build.0 = Release|Any CPU
		{663285C0-8F68-4638-BEB2-4BB042868445}.Debug|Any CPU.ActiveCfg = Debug|Any CPU
		{663285C0-8F68-4638-BEB2-4BB042868445}.Debug|Any CPU.Build.0 = Debug|Any CPU
		{663285C0-8F68-4638-BEB2-4BB042868445}.Debug|Mixed Platforms.ActiveCfg = Debug|Any CPU
		{663285C0-8F68-4638-BEB2-4BB042868445}.Debug|Mixed Platforms.Build.0 = Debug|Any CPU
		{663285C0-8F68-4638-BEB2-4BB042868445}.Debug|Win32.ActiveCfg = Debug|Any CPU
		{663285C0-8F68-4638-BEB2-4BB042868445}.Debug|Win32.Build.0 = Debug|Any CPU
		{663285C0-8F68-4638-BEB2-4BB042868445}.Debug|x64.ActiveCfg = Debug|Any CPU
		{663285C0-8F68-4638-BEB2-4BB042868445}.Debug|x64.Build.0 = Debug|Any CPU
		{663285C0-8F68-4638-BEB2-4BB042868445}.Release|Any CPU.ActiveCfg = Release|Any CPU
		{663285C0-8F68-4638-BEB2-4BB042868445}.Release|Any CPU.Build.0 = Release|Any CPU
		{663285C0-8F68-4638-BEB2-4BB042868445}.Release|Mixed Platforms.ActiveCfg = Release|Any CPU
		{663285C0-8F68-4638-BEB2-4BB042868445}.Release|Mixed Platforms.Build.0 = Release|Any CPU
		{663285C0-8F68-4638-BEB2-4BB042868445}.Release|Win32.ActiveCfg = Release|Any CPU
		{663285C0-8F68-4638-BEB2-4BB042868445}.Release|Win32.Build.0 = Release|Any CPU
		{663285C0-8F68-4638-BEB2-4BB042868445}.Release|x64.ActiveCfg = Release|Any CPU
		{663285C0-8F68-4638-BEB2-4BB042868445}.Release|x64.Build.0 = Release|Any CPU
		{C7A43277-7389-4A7C-8363-522FC9A0196B}.Debug|Any CPU.ActiveCfg = Debug|Any CPU
		{C7A43277-7389-4A7C-8363-522FC9A0196B}.Debug|Any CPU.Build.0 = Debug|Any CPU
		{C7A43277-7389-4A7C-8363-522FC9A0196B}.Debug|Mixed Platforms.ActiveCfg = Debug|Any CPU
		{C7A43277-7389-4A7C-8363-522FC9A0196B}.Debug|Mixed Platforms.Build.0 = Debug|Any CPU
		{C7A43277-7389-4A7C-8363-522FC9A0196B}.Debug|Win32.ActiveCfg = Debug|Any CPU
		{C7A43277-7389-4A7C-8363-522FC9A0196B}.Debug|Win32.Build.0 = Debug|Any CPU
		{C7A43277-7389-4A7C-8363-522FC9A0196B}.Debug|x64.ActiveCfg = Debug|Any CPU
		{C7A43277-7389-4A7C-8363-522FC9A0196B}.Debug|x64.Build.0 = Debug|Any CPU
		{C7A43277-7389-4A7C-8363-522FC9A0196B}.Release|Any CPU.ActiveCfg = Release|Any CPU
		{C7A43277-7389-4A7C-8363-522FC9A0196B}.Release|Any CPU.Build.0 = Release|Any CPU
		{C7A43277-7389-4A7C-8363-522FC9A0196B}.Release|Mixed Platforms.ActiveCfg = Release|Any CPU
		{C7A43277-7389-4A7C-8363-522FC9A0196B}.Release|Mixed Platforms.Build.0 = Release|Any CPU
		{C7A43277-7389-4A7C-8363-522FC9A0196B}.Release|Win32.ActiveCfg = Release|Any CPU
		{C7A43277-7389-4A7C-8363-522FC9A0196B}.Release|Win32.Build.0 = Release|Any CPU
		{C7A43277-7389-4A7C-8363-522FC9A0196B}.Release|x64.ActiveCfg = Release|Any CPU
		{C7A43277-7389-4A7C-8363-522FC9A0196B}.Release|x64.Build.0 = Release|Any CPU
		{F28ECF66-1FD8-4A75-9E2B-D49F7036DE72}.Debug|Any CPU.ActiveCfg = Debug|Any CPU
		{F28ECF66-1FD8-4A75-9E2B-D49F7036DE72}.Debug|Any CPU.Build.0 = Debug|Any CPU
		{F28ECF66-1FD8-4A75-9E2B-D49F7036DE72}.Debug|Mixed Platforms.ActiveCfg = Debug|Any CPU
		{F28ECF66-1FD8-4A75-9E2B-D49F7036DE72}.Debug|Mixed Platforms.Build.0 = Debug|Any CPU
		{F28ECF66-1FD8-4A75-9E2B-D49F7036DE72}.Debug|Win32.ActiveCfg = Debug|Any CPU
		{F28ECF66-1FD8-4A75-9E2B-D49F7036DE72}.Debug|Win32.Build.0 = Debug|Any CPU
		{F28ECF66-1FD8-4A75-9E2B-D49F7036DE72}.Debug|x64.ActiveCfg = Debug|Any CPU
		{F28ECF66-1FD8-4A75-9E2B-D49F7036DE72}.Debug|x64.Build.0 = Debug|Any CPU
		{F28ECF66-1FD8-4A75-9E2B-D49F7036DE72}.Release|Any CPU.ActiveCfg = Release|Any CPU
		{F28ECF66-1FD8-4A75-9E2B-D49F7036DE72}.Release|Any CPU.Build.0 = Release|Any CPU
		{F28ECF66-1FD8-4A75-9E2B-D49F7036DE72}.Release|Mixed Platforms.ActiveCfg = Release|Any CPU
		{F28ECF66-1FD8-4A75-9E2B-D49F7036DE72}.Release|Mixed Platforms.Build.0 = Release|Any CPU
		{F28ECF66-1FD8-4A75-9E2B-D49F7036DE72}.Release|Win32.ActiveCfg = Release|Any CPU
		{F28ECF66-1FD8-4A75-9E2B-D49F7036DE72}.Release|Win32.Build.0 = Release|Any CPU
		{F28ECF66-1FD8-4A75-9E2B-D49F7036DE72}.Release|x64.ActiveCfg = Release|Any CPU
		{F28ECF66-1FD8-4A75-9E2B-D49F7036DE72}.Release|x64.Build.0 = Release|Any CPU
		{6BDC0B57-E7D9-43E1-8534-55AE8A1B12ED}.Debug|Any CPU.ActiveCfg = Debug|Any CPU
		{6BDC0B57-E7D9-43E1-8534-55AE8A1B12ED}.Debug|Any CPU.Build.0 = Debug|Any CPU
		{6BDC0B57-E7D9-43E1-8534-55AE8A1B12ED}.Debug|Mixed Platforms.ActiveCfg = Debug|Any CPU
		{6BDC0B57-E7D9-43E1-8534-55AE8A1B12ED}.Debug|Mixed Platforms.Build.0 = Debug|Any CPU
		{6BDC0B57-E7D9-43E1-8534-55AE8A1B12ED}.Debug|Win32.ActiveCfg = Debug|Any CPU
		{6BDC0B57-E7D9-43E1-8534-55AE8A1B12ED}.Debug|Win32.Build.0 = Debug|Any CPU
		{6BDC0B57-E7D9-43E1-8534-55AE8A1B12ED}.Debug|x64.ActiveCfg = Debug|Any CPU
		{6BDC0B57-E7D9-43E1-8534-55AE8A1B12ED}.Debug|x64.Build.0 = Debug|Any CPU
		{6BDC0B57-E7D9-43E1-8534-55AE8A1B12ED}.Release|Any CPU.ActiveCfg = Release|Any CPU
		{6BDC0B57-E7D9-43E1-8534-55AE8A1B12ED}.Release|Any CPU.Build.0 = Release|Any CPU
		{6BDC0B57-E7D9-43E1-8534-55AE8A1B12ED}.Release|Mixed Platforms.ActiveCfg = Release|Any CPU
		{6BDC0B57-E7D9-43E1-8534-55AE8A1B12ED}.Release|Mixed Platforms.Build.0 = Release|Any CPU
		{6BDC0B57-E7D9-43E1-8534-55AE8A1B12ED}.Release|Win32.ActiveCfg = Release|Any CPU
		{6BDC0B57-E7D9-43E1-8534-55AE8A1B12ED}.Release|Win32.Build.0 = Release|Any CPU
		{6BDC0B57-E7D9-43E1-8534-55AE8A1B12ED}.Release|x64.ActiveCfg = Release|Any CPU
		{6BDC0B57-E7D9-43E1-8534-55AE8A1B12ED}.Release|x64.Build.0 = Release|Any CPU
		{EE6160CC-8C19-4AD8-BB1E-C295347203EE}.Debug|Any CPU.ActiveCfg = Debug|Any CPU
		{EE6160CC-8C19-4AD8-BB1E-C295347203EE}.Debug|Any CPU.Build.0 = Debug|Any CPU
		{EE6160CC-8C19-4AD8-BB1E-C295347203EE}.Debug|Mixed Platforms.ActiveCfg = Debug|Any CPU
		{EE6160CC-8C19-4AD8-BB1E-C295347203EE}.Debug|Mixed Platforms.Build.0 = Debug|Any CPU
		{EE6160CC-8C19-4AD8-BB1E-C295347203EE}.Debug|Win32.ActiveCfg = Debug|Any CPU
		{EE6160CC-8C19-4AD8-BB1E-C295347203EE}.Debug|Win32.Build.0 = Debug|Any CPU
		{EE6160CC-8C19-4AD8-BB1E-C295347203EE}.Debug|x64.ActiveCfg = Debug|Any CPU
		{EE6160CC-8C19-4AD8-BB1E-C295347203EE}.Debug|x64.Build.0 = Debug|Any CPU
		{EE6160CC-8C19-4AD8-BB1E-C295347203EE}.Release|Any CPU.ActiveCfg = Release|Any CPU
		{EE6160CC-8C19-4AD8-BB1E-C295347203EE}.Release|Any CPU.Build.0 = Release|Any CPU
		{EE6160CC-8C19-4AD8-BB1E-C295347203EE}.Release|Mixed Platforms.ActiveCfg = Release|Any CPU
		{EE6160CC-8C19-4AD8-BB1E-C295347203EE}.Release|Mixed Platforms.Build.0 = Release|Any CPU
		{EE6160CC-8C19-4AD8-BB1E-C295347203EE}.Release|Win32.ActiveCfg = Release|Any CPU
		{EE6160CC-8C19-4AD8-BB1E-C295347203EE}.Release|Win32.Build.0 = Release|Any CPU
		{EE6160CC-8C19-4AD8-BB1E-C295347203EE}.Release|x64.ActiveCfg = Release|Any CPU
		{EE6160CC-8C19-4AD8-BB1E-C295347203EE}.Release|x64.Build.0 = Release|Any CPU
		{9B4E5761-4C68-41F8-86BB-26F3382C6189}.Debug|Any CPU.ActiveCfg = Debug|Any CPU
		{9B4E5761-4C68-41F8-86BB-26F3382C6189}.Debug|Any CPU.Build.0 = Debug|Any CPU
		{9B4E5761-4C68-41F8-86BB-26F3382C6189}.Debug|Mixed Platforms.ActiveCfg = Debug|Any CPU
		{9B4E5761-4C68-41F8-86BB-26F3382C6189}.Debug|Mixed Platforms.Build.0 = Debug|Any CPU
		{9B4E5761-4C68-41F8-86BB-26F3382C6189}.Debug|Win32.ActiveCfg = Debug|Any CPU
		{9B4E5761-4C68-41F8-86BB-26F3382C6189}.Debug|Win32.Build.0 = Debug|Any CPU
		{9B4E5761-4C68-41F8-86BB-26F3382C6189}.Debug|x64.ActiveCfg = Debug|Any CPU
		{9B4E5761-4C68-41F8-86BB-26F3382C6189}.Debug|x64.Build.0 = Debug|Any CPU
		{9B4E5761-4C68-41F8-86BB-26F3382C6189}.Release|Any CPU.ActiveCfg = Release|Any CPU
		{9B4E5761-4C68-41F8-86BB-26F3382C6189}.Release|Any CPU.Build.0 = Release|Any CPU
		{9B4E5761-4C68-41F8-86BB-26F3382C6189}.Release|Mixed Platforms.ActiveCfg = Release|Any CPU
		{9B4E5761-4C68-41F8-86BB-26F3382C6189}.Release|Mixed Platforms.Build.0 = Release|Any CPU
		{9B4E5761-4C68-41F8-86BB-26F3382C6189}.Release|Win32.ActiveCfg = Release|Any CPU
		{9B4E5761-4C68-41F8-86BB-26F3382C6189}.Release|Win32.Build.0 = Release|Any CPU
		{9B4E5761-4C68-41F8-86BB-26F3382C6189}.Release|x64.ActiveCfg = Release|Any CPU
		{9B4E5761-4C68-41F8-86BB-26F3382C6189}.Release|x64.Build.0 = Release|Any CPU
		{9C50C5CF-4F75-4533-80AA-1EA23B05377E}.Debug|Any CPU.ActiveCfg = Debug|Any CPU
		{9C50C5CF-4F75-4533-80AA-1EA23B05377E}.Debug|Any CPU.Build.0 = Debug|Any CPU
		{9C50C5CF-4F75-4533-80AA-1EA23B05377E}.Debug|Mixed Platforms.ActiveCfg = Debug|Any CPU
		{9C50C5CF-4F75-4533-80AA-1EA23B05377E}.Debug|Mixed Platforms.Build.0 = Debug|Any CPU
		{9C50C5CF-4F75-4533-80AA-1EA23B05377E}.Debug|Win32.ActiveCfg = Debug|Any CPU
		{9C50C5CF-4F75-4533-80AA-1EA23B05377E}.Debug|Win32.Build.0 = Debug|Any CPU
		{9C50C5CF-4F75-4533-80AA-1EA23B05377E}.Debug|x64.ActiveCfg = Debug|Any CPU
		{9C50C5CF-4F75-4533-80AA-1EA23B05377E}.Debug|x64.Build.0 = Debug|Any CPU
		{9C50C5CF-4F75-4533-80AA-1EA23B05377E}.Release|Any CPU.ActiveCfg = Release|Any CPU
		{9C50C5CF-4F75-4533-80AA-1EA23B05377E}.Release|Any CPU.Build.0 = Release|Any CPU
		{9C50C5CF-4F75-4533-80AA-1EA23B05377E}.Release|Mixed Platforms.ActiveCfg = Release|Any CPU
		{9C50C5CF-4F75-4533-80AA-1EA23B05377E}.Release|Mixed Platforms.Build.0 = Release|Any CPU
		{9C50C5CF-4F75-4533-80AA-1EA23B05377E}.Release|Win32.ActiveCfg = Release|Any CPU
		{9C50C5CF-4F75-4533-80AA-1EA23B05377E}.Release|Win32.Build.0 = Release|Any CPU
		{9C50C5CF-4F75-4533-80AA-1EA23B05377E}.Release|x64.ActiveCfg = Release|Any CPU
		{9C50C5CF-4F75-4533-80AA-1EA23B05377E}.Release|x64.Build.0 = Release|Any CPU
		{12564275-9741-4341-868D-8762448884D0}.Debug|Any CPU.ActiveCfg = Debug|Any CPU
		{12564275-9741-4341-868D-8762448884D0}.Debug|Any CPU.Build.0 = Debug|Any CPU
		{12564275-9741-4341-868D-8762448884D0}.Debug|Mixed Platforms.ActiveCfg = Debug|Any CPU
		{12564275-9741-4341-868D-8762448884D0}.Debug|Mixed Platforms.Build.0 = Debug|Any CPU
		{12564275-9741-4341-868D-8762448884D0}.Debug|Win32.ActiveCfg = Debug|Any CPU
		{12564275-9741-4341-868D-8762448884D0}.Debug|Win32.Build.0 = Debug|Any CPU
		{12564275-9741-4341-868D-8762448884D0}.Debug|x64.ActiveCfg = Debug|Any CPU
		{12564275-9741-4341-868D-8762448884D0}.Debug|x64.Build.0 = Debug|Any CPU
		{12564275-9741-4341-868D-8762448884D0}.Release|Any CPU.ActiveCfg = Release|Any CPU
		{12564275-9741-4341-868D-8762448884D0}.Release|Any CPU.Build.0 = Release|Any CPU
		{12564275-9741-4341-868D-8762448884D0}.Release|Mixed Platforms.ActiveCfg = Release|Any CPU
		{12564275-9741-4341-868D-8762448884D0}.Release|Mixed Platforms.Build.0 = Release|Any CPU
		{12564275-9741-4341-868D-8762448884D0}.Release|Win32.ActiveCfg = Release|Any CPU
		{12564275-9741-4341-868D-8762448884D0}.Release|Win32.Build.0 = Release|Any CPU
		{12564275-9741-4341-868D-8762448884D0}.Release|x64.ActiveCfg = Release|Any CPU
		{12564275-9741-4341-868D-8762448884D0}.Release|x64.Build.0 = Release|Any CPU
		{1B657592-641E-42EC-BC44-ABCAE62EF1FD}.Debug|Any CPU.ActiveCfg = Debug|Any CPU
		{1B657592-641E-42EC-BC44-ABCAE62EF1FD}.Debug|Any CPU.Build.0 = Debug|Any CPU
		{1B657592-641E-42EC-BC44-ABCAE62EF1FD}.Debug|Mixed Platforms.ActiveCfg = Debug|Any CPU
		{1B657592-641E-42EC-BC44-ABCAE62EF1FD}.Debug|Mixed Platforms.Build.0 = Debug|Any CPU
		{1B657592-641E-42EC-BC44-ABCAE62EF1FD}.Debug|Win32.ActiveCfg = Debug|Any CPU
		{1B657592-641E-42EC-BC44-ABCAE62EF1FD}.Debug|Win32.Build.0 = Debug|Any CPU
		{1B657592-641E-42EC-BC44-ABCAE62EF1FD}.Debug|x64.ActiveCfg = Debug|Any CPU
		{1B657592-641E-42EC-BC44-ABCAE62EF1FD}.Debug|x64.Build.0 = Debug|Any CPU
		{1B657592-641E-42EC-BC44-ABCAE62EF1FD}.Release|Any CPU.ActiveCfg = Release|Any CPU
		{1B657592-641E-42EC-BC44-ABCAE62EF1FD}.Release|Any CPU.Build.0 = Release|Any CPU
		{1B657592-641E-42EC-BC44-ABCAE62EF1FD}.Release|Mixed Platforms.ActiveCfg = Release|Any CPU
		{1B657592-641E-42EC-BC44-ABCAE62EF1FD}.Release|Mixed Platforms.Build.0 = Release|Any CPU
		{1B657592-641E-42EC-BC44-ABCAE62EF1FD}.Release|Win32.ActiveCfg = Release|Any CPU
		{1B657592-641E-42EC-BC44-ABCAE62EF1FD}.Release|Win32.Build.0 = Release|Any CPU
		{1B657592-641E-42EC-BC44-ABCAE62EF1FD}.Release|x64.ActiveCfg = Release|Any CPU
		{1B657592-641E-42EC-BC44-ABCAE62EF1FD}.Release|x64.Build.0 = Release|Any CPU
		{CE5DC45C-1E1C-498B-BAB7-5540E346AC21}.Debug|Any CPU.ActiveCfg = Debug|Any CPU
		{CE5DC45C-1E1C-498B-BAB7-5540E346AC21}.Debug|Any CPU.Build.0 = Debug|Any CPU
		{CE5DC45C-1E1C-498B-BAB7-5540E346AC21}.Debug|Mixed Platforms.ActiveCfg = Debug|Any CPU
		{CE5DC45C-1E1C-498B-BAB7-5540E346AC21}.Debug|Mixed Platforms.Build.0 = Debug|Any CPU
		{CE5DC45C-1E1C-498B-BAB7-5540E346AC21}.Debug|Win32.ActiveCfg = Debug|Any CPU
		{CE5DC45C-1E1C-498B-BAB7-5540E346AC21}.Debug|Win32.Build.0 = Debug|Any CPU
		{CE5DC45C-1E1C-498B-BAB7-5540E346AC21}.Debug|x64.ActiveCfg = Debug|Any CPU
		{CE5DC45C-1E1C-498B-BAB7-5540E346AC21}.Debug|x64.Build.0 = Debug|Any CPU
		{CE5DC45C-1E1C-498B-BAB7-5540E346AC21}.Release|Any CPU.ActiveCfg = Release|Any CPU
		{CE5DC45C-1E1C-498B-BAB7-5540E346AC21}.Release|Any CPU.Build.0 = Release|Any CPU
		{CE5DC45C-1E1C-498B-BAB7-5540E346AC21}.Release|Mixed Platforms.ActiveCfg = Release|Any CPU
		{CE5DC45C-1E1C-498B-BAB7-5540E346AC21}.Release|Mixed Platforms.Build.0 = Release|Any CPU
		{CE5DC45C-1E1C-498B-BAB7-5540E346AC21}.Release|Win32.ActiveCfg = Release|Any CPU
		{CE5DC45C-1E1C-498B-BAB7-5540E346AC21}.Release|Win32.Build.0 = Release|Any CPU
		{CE5DC45C-1E1C-498B-BAB7-5540E346AC21}.Release|x64.ActiveCfg = Release|Any CPU
		{CE5DC45C-1E1C-498B-BAB7-5540E346AC21}.Release|x64.Build.0 = Release|Any CPU
		{2271753A-C4AB-4140-8339-08804764719F}.Debug|Any CPU.ActiveCfg = Debug|Any CPU
		{2271753A-C4AB-4140-8339-08804764719F}.Debug|Any CPU.Build.0 = Debug|Any CPU
		{2271753A-C4AB-4140-8339-08804764719F}.Debug|Mixed Platforms.ActiveCfg = Debug|Any CPU
		{2271753A-C4AB-4140-8339-08804764719F}.Debug|Mixed Platforms.Build.0 = Debug|Any CPU
		{2271753A-C4AB-4140-8339-08804764719F}.Debug|Win32.ActiveCfg = Debug|Any CPU
		{2271753A-C4AB-4140-8339-08804764719F}.Debug|Win32.Build.0 = Debug|Any CPU
		{2271753A-C4AB-4140-8339-08804764719F}.Debug|x64.ActiveCfg = Debug|Any CPU
		{2271753A-C4AB-4140-8339-08804764719F}.Debug|x64.Build.0 = Debug|Any CPU
		{2271753A-C4AB-4140-8339-08804764719F}.Release|Any CPU.ActiveCfg = Release|Any CPU
		{2271753A-C4AB-4140-8339-08804764719F}.Release|Any CPU.Build.0 = Release|Any CPU
		{2271753A-C4AB-4140-8339-08804764719F}.Release|Mixed Platforms.ActiveCfg = Release|Any CPU
		{2271753A-C4AB-4140-8339-08804764719F}.Release|Mixed Platforms.Build.0 = Release|Any CPU
		{2271753A-C4AB-4140-8339-08804764719F}.Release|Win32.ActiveCfg = Release|Any CPU
		{2271753A-C4AB-4140-8339-08804764719F}.Release|Win32.Build.0 = Release|Any CPU
		{2271753A-C4AB-4140-8339-08804764719F}.Release|x64.ActiveCfg = Release|Any CPU
		{2271753A-C4AB-4140-8339-08804764719F}.Release|x64.Build.0 = Release|Any CPU
		{FA68227D-27A2-4058-8D36-005FADAFECC0}.Debug|Any CPU.ActiveCfg = Debug|Any CPU
		{FA68227D-27A2-4058-8D36-005FADAFECC0}.Debug|Any CPU.Build.0 = Debug|Any CPU
		{FA68227D-27A2-4058-8D36-005FADAFECC0}.Debug|Mixed Platforms.ActiveCfg = Debug|Any CPU
		{FA68227D-27A2-4058-8D36-005FADAFECC0}.Debug|Mixed Platforms.Build.0 = Debug|Any CPU
		{FA68227D-27A2-4058-8D36-005FADAFECC0}.Debug|Win32.ActiveCfg = Debug|Any CPU
		{FA68227D-27A2-4058-8D36-005FADAFECC0}.Debug|Win32.Build.0 = Debug|Any CPU
		{FA68227D-27A2-4058-8D36-005FADAFECC0}.Debug|x64.ActiveCfg = Debug|Any CPU
		{FA68227D-27A2-4058-8D36-005FADAFECC0}.Debug|x64.Build.0 = Debug|Any CPU
		{FA68227D-27A2-4058-8D36-005FADAFECC0}.Release|Any CPU.ActiveCfg = Release|Any CPU
		{FA68227D-27A2-4058-8D36-005FADAFECC0}.Release|Any CPU.Build.0 = Release|Any CPU
		{FA68227D-27A2-4058-8D36-005FADAFECC0}.Release|Mixed Platforms.ActiveCfg = Release|Any CPU
		{FA68227D-27A2-4058-8D36-005FADAFECC0}.Release|Mixed Platforms.Build.0 = Release|Any CPU
		{FA68227D-27A2-4058-8D36-005FADAFECC0}.Release|Win32.ActiveCfg = Release|Any CPU
		{FA68227D-27A2-4058-8D36-005FADAFECC0}.Release|Win32.Build.0 = Release|Any CPU
		{FA68227D-27A2-4058-8D36-005FADAFECC0}.Release|x64.ActiveCfg = Release|Any CPU
		{FA68227D-27A2-4058-8D36-005FADAFECC0}.Release|x64.Build.0 = Release|Any CPU
		{DFC88036-796A-4046-B3B6-DE9FA56EDF28}.Debug|Any CPU.ActiveCfg = Debug|Any CPU
		{DFC88036-796A-4046-B3B6-DE9FA56EDF28}.Debug|Any CPU.Build.0 = Debug|Any CPU
		{DFC88036-796A-4046-B3B6-DE9FA56EDF28}.Debug|Mixed Platforms.ActiveCfg = Debug|Any CPU
		{DFC88036-796A-4046-B3B6-DE9FA56EDF28}.Debug|Mixed Platforms.Build.0 = Debug|Any CPU
		{DFC88036-796A-4046-B3B6-DE9FA56EDF28}.Debug|Win32.ActiveCfg = Debug|Any CPU
		{DFC88036-796A-4046-B3B6-DE9FA56EDF28}.Debug|Win32.Build.0 = Debug|Any CPU
		{DFC88036-796A-4046-B3B6-DE9FA56EDF28}.Debug|x64.ActiveCfg = Debug|Any CPU
		{DFC88036-796A-4046-B3B6-DE9FA56EDF28}.Debug|x64.Build.0 = Debug|Any CPU
		{DFC88036-796A-4046-B3B6-DE9FA56EDF28}.Release|Any CPU.ActiveCfg = Release|Any CPU
		{DFC88036-796A-4046-B3B6-DE9FA56EDF28}.Release|Any CPU.Build.0 = Release|Any CPU
		{DFC88036-796A-4046-B3B6-DE9FA56EDF28}.Release|Mixed Platforms.ActiveCfg = Release|Any CPU
		{DFC88036-796A-4046-B3B6-DE9FA56EDF28}.Release|Mixed Platforms.Build.0 = Release|Any CPU
		{DFC88036-796A-4046-B3B6-DE9FA56EDF28}.Release|Win32.ActiveCfg = Release|Any CPU
		{DFC88036-796A-4046-B3B6-DE9FA56EDF28}.Release|Win32.Build.0 = Release|Any CPU
		{DFC88036-796A-4046-B3B6-DE9FA56EDF28}.Release|x64.ActiveCfg = Release|Any CPU
		{DFC88036-796A-4046-B3B6-DE9FA56EDF28}.Release|x64.Build.0 = Release|Any CPU
		{3712894A-0836-4CE3-A4A9-C21A32AACBEC}.Debug|Any CPU.ActiveCfg = Debug|Any CPU
		{3712894A-0836-4CE3-A4A9-C21A32AACBEC}.Debug|Any CPU.Build.0 = Debug|Any CPU
		{3712894A-0836-4CE3-A4A9-C21A32AACBEC}.Debug|Mixed Platforms.ActiveCfg = Debug|Any CPU
		{3712894A-0836-4CE3-A4A9-C21A32AACBEC}.Debug|Mixed Platforms.Build.0 = Debug|Any CPU
		{3712894A-0836-4CE3-A4A9-C21A32AACBEC}.Debug|Win32.ActiveCfg = Debug|Any CPU
		{3712894A-0836-4CE3-A4A9-C21A32AACBEC}.Debug|Win32.Build.0 = Debug|Any CPU
		{3712894A-0836-4CE3-A4A9-C21A32AACBEC}.Debug|x64.ActiveCfg = Debug|Any CPU
		{3712894A-0836-4CE3-A4A9-C21A32AACBEC}.Debug|x64.Build.0 = Debug|Any CPU
		{3712894A-0836-4CE3-A4A9-C21A32AACBEC}.Release|Any CPU.ActiveCfg = Release|Any CPU
		{3712894A-0836-4CE3-A4A9-C21A32AACBEC}.Release|Any CPU.Build.0 = Release|Any CPU
		{3712894A-0836-4CE3-A4A9-C21A32AACBEC}.Release|Mixed Platforms.ActiveCfg = Release|Any CPU
		{3712894A-0836-4CE3-A4A9-C21A32AACBEC}.Release|Mixed Platforms.Build.0 = Release|Any CPU
		{3712894A-0836-4CE3-A4A9-C21A32AACBEC}.Release|Win32.ActiveCfg = Release|Any CPU
		{3712894A-0836-4CE3-A4A9-C21A32AACBEC}.Release|Win32.Build.0 = Release|Any CPU
		{3712894A-0836-4CE3-A4A9-C21A32AACBEC}.Release|x64.ActiveCfg = Release|Any CPU
		{3712894A-0836-4CE3-A4A9-C21A32AACBEC}.Release|x64.Build.0 = Release|Any CPU
		{138E97ED-8C5B-4C31-90F8-4260714A56E7}.Debug|Any CPU.ActiveCfg = Debug|Any CPU
		{138E97ED-8C5B-4C31-90F8-4260714A56E7}.Debug|Any CPU.Build.0 = Debug|Any CPU
		{138E97ED-8C5B-4C31-90F8-4260714A56E7}.Debug|Mixed Platforms.ActiveCfg = Debug|Any CPU
		{138E97ED-8C5B-4C31-90F8-4260714A56E7}.Debug|Mixed Platforms.Build.0 = Debug|Any CPU
		{138E97ED-8C5B-4C31-90F8-4260714A56E7}.Debug|Win32.ActiveCfg = Debug|Any CPU
		{138E97ED-8C5B-4C31-90F8-4260714A56E7}.Debug|Win32.Build.0 = Debug|Any CPU
		{138E97ED-8C5B-4C31-90F8-4260714A56E7}.Debug|x64.ActiveCfg = Debug|Any CPU
		{138E97ED-8C5B-4C31-90F8-4260714A56E7}.Debug|x64.Build.0 = Debug|Any CPU
		{138E97ED-8C5B-4C31-90F8-4260714A56E7}.Release|Any CPU.ActiveCfg = Release|Any CPU
		{138E97ED-8C5B-4C31-90F8-4260714A56E7}.Release|Any CPU.Build.0 = Release|Any CPU
		{138E97ED-8C5B-4C31-90F8-4260714A56E7}.Release|Mixed Platforms.ActiveCfg = Release|Any CPU
		{138E97ED-8C5B-4C31-90F8-4260714A56E7}.Release|Mixed Platforms.Build.0 = Release|Any CPU
		{138E97ED-8C5B-4C31-90F8-4260714A56E7}.Release|Win32.ActiveCfg = Release|Any CPU
		{138E97ED-8C5B-4C31-90F8-4260714A56E7}.Release|Win32.Build.0 = Release|Any CPU
		{138E97ED-8C5B-4C31-90F8-4260714A56E7}.Release|x64.ActiveCfg = Release|Any CPU
		{138E97ED-8C5B-4C31-90F8-4260714A56E7}.Release|x64.Build.0 = Release|Any CPU
	EndGlobalSection
	GlobalSection(SolutionProperties) = preSolution
		HideSolutionNode = FALSE
	EndGlobalSection
	GlobalSection(NestedProjects) = preSolution
		{E763345E-6696-4C53-8764-47E4ABD67DEF} = {666913D5-EF69-4E86-960B-AB1E9D0C720B}
		{FEA18B6C-491F-401A-A06B-AE47888FF288} = {666913D5-EF69-4E86-960B-AB1E9D0C720B}
		{B357BAC7-529E-4D81-A0D2-71041B19C8DE} = {A1439575-6634-4B04-A802-93E1729D932C}
		{5A66D9F6-7817-4FEC-9814-2F89744DD7D9} = {36B5E0D8-66A4-4E14-970E-08F35D5A35DD}
		{92D51A33-7BF0-47FD-9ECE-D758FFE1691D} = {71DDA2F7-3DEC-454A-BB85-0960E0225177}
		{666913D5-EF69-4E86-960B-AB1E9D0C720B} = {A1439575-6634-4B04-A802-93E1729D932C}
		{71DDA2F7-3DEC-454A-BB85-0960E0225177} = {A1439575-6634-4B04-A802-93E1729D932C}
		{1DA67DF2-BEDB-4E91-8291-17D7D6EA40DB} = {36B5E0D8-66A4-4E14-970E-08F35D5A35DD}
		{AD369259-FE29-4832-BD46-12A6D4B181C5} = {F40126B4-5B3B-4085-B47D-A5EF4B51570C}
		{2C35F83C-AA75-49C0-98E8-082E329B6491} = {F40126B4-5B3B-4085-B47D-A5EF4B51570C}
		{304F63A2-55EC-43B5-BFE3-5D949BAC7C28} = {BB931C9A-EE48-42A6-B5F3-3A193B1A051A}
		{D69B02E9-3FAF-438C-BC26-86A9451E5CDE} = {BB931C9A-EE48-42A6-B5F3-3A193B1A051A}
		{A4B0CDCB-D1D7-4563-9888-D58E0B36D0F8} = {F40126B4-5B3B-4085-B47D-A5EF4B51570C}
		{06E84BAD-4317-41E0-AD59-31E70DB4C12C} = {F40126B4-5B3B-4085-B47D-A5EF4B51570C}
		{69B58028-8F30-4D3F-8E51-DEF85C08E4CC} = {BB931C9A-EE48-42A6-B5F3-3A193B1A051A}
		{DA54E8C4-73D8-4F1A-BE84-0D548B77A2C0} = {F40126B4-5B3B-4085-B47D-A5EF4B51570C}
		{27C2F4A0-AF83-40F7-B1C8-79344578F3EC} = {F40126B4-5B3B-4085-B47D-A5EF4B51570C}
		{DB7AC204-7B8C-4FA4-8D8C-DC133E534D8A} = {F40126B4-5B3B-4085-B47D-A5EF4B51570C}
		{059E2CA2-85C5-453E-A48C-ADA45A3C5879} = {F40126B4-5B3B-4085-B47D-A5EF4B51570C}
		{8B382C65-FC83-43BD-AE16-F06C26A24786} = {F40126B4-5B3B-4085-B47D-A5EF4B51570C}
		{6EC1BCE3-087E-4DC7-BF93-24445F853F69} = {F40126B4-5B3B-4085-B47D-A5EF4B51570C}
		{847398E0-2E35-4A85-8C70-0B40AA172ABA} = {F40126B4-5B3B-4085-B47D-A5EF4B51570C}
		{9279833C-95C4-4692-8D5A-22D200B60043} = {BB931C9A-EE48-42A6-B5F3-3A193B1A051A}
		{1B00711A-2CA2-49C0-A9FD-8BF9E478E3B0} = {F40126B4-5B3B-4085-B47D-A5EF4B51570C}
		{A95EE45C-D188-46E8-91F6-2CF858420BB5} = {F40126B4-5B3B-4085-B47D-A5EF4B51570C}
		{0E9D874E-5354-465E-9EC3-F7A35C268A8A} = {A1439575-6634-4B04-A802-93E1729D932C}
		{9E106E41-0813-489D-A1B5-85ED434F2C3E} = {BB931C9A-EE48-42A6-B5F3-3A193B1A051A}
		{BA2F08D2-DABD-4C2E-82B1-E1E5A3725911} = {BB931C9A-EE48-42A6-B5F3-3A193B1A051A}
		{436FA350-A15C-433B-881B-6892B34A4C0D} = {F40126B4-5B3B-4085-B47D-A5EF4B51570C}
		{5F994AD1-02A2-4A00-90CA-5CD5943FD24A} = {F40126B4-5B3B-4085-B47D-A5EF4B51570C}
		{EAF24224-609F-4E33-806A-D81C9660168F} = {36B5E0D8-66A4-4E14-970E-08F35D5A35DD}
		{663285C0-8F68-4638-BEB2-4BB042868445} = {BB931C9A-EE48-42A6-B5F3-3A193B1A051A}
		{C7A43277-7389-4A7C-8363-522FC9A0196B} = {BB931C9A-EE48-42A6-B5F3-3A193B1A051A}
		{F28ECF66-1FD8-4A75-9E2B-D49F7036DE72} = {F40126B4-5B3B-4085-B47D-A5EF4B51570C}
		{1B657592-641E-42EC-BC44-ABCAE62EF1FD} = {F40126B4-5B3B-4085-B47D-A5EF4B51570C}
		{CE5DC45C-1E1C-498B-BAB7-5540E346AC21} = {F40126B4-5B3B-4085-B47D-A5EF4B51570C}
		{2271753A-C4AB-4140-8339-08804764719F} = {F40126B4-5B3B-4085-B47D-A5EF4B51570C}
		{FA68227D-27A2-4058-8D36-005FADAFECC0} = {F40126B4-5B3B-4085-B47D-A5EF4B51570C}
		{DFC88036-796A-4046-B3B6-DE9FA56EDF28} = {F40126B4-5B3B-4085-B47D-A5EF4B51570C}
		{3712894A-0836-4CE3-A4A9-C21A32AACBEC} = {BB931C9A-EE48-42A6-B5F3-3A193B1A051A}
		{138E97ED-8C5B-4C31-90F8-4260714A56E7} = {BB931C9A-EE48-42A6-B5F3-3A193B1A051A}
	EndGlobalSection
	GlobalSection(ExtensibilityGlobals) = postSolution
		SolutionGuid = {6E8897DC-99C6-4585-A2BA-CB194F3B1AB7}
	EndGlobalSection
EndGlobal
